// !$*UTF8*$!
{
	archiveVersion = 1;
	classes = {
	};
	objectVersion = 46;
	objects = {

/* Begin PBXBuildFile section */
		E3F845B11ABA8A4500CB2029 /* main.m in Sources */ = {isa = PBXBuildFile; fileRef = E3F845B01ABA8A4500CB2029 /* main.m */; };
		E3F845B41ABA8A4500CB2029 /* AppDelegate.m in Sources */ = {isa = PBXBuildFile; fileRef = E3F845B31ABA8A4500CB2029 /* AppDelegate.m */; };
		E3F845B71ABA8A4500CB2029 /* ViewController.mm in Sources */ = {isa = PBXBuildFile; fileRef = E3F845B61ABA8A4500CB2029 /* ViewController.mm */; };
		E3F845BA1ABA8A4500CB2029 /* Main.storyboard in Resources */ = {isa = PBXBuildFile; fileRef = E3F845B81ABA8A4500CB2029 /* Main.storyboard */; };
		E3F845BC1ABA8A4500CB2029 /* Images.xcassets in Resources */ = {isa = PBXBuildFile; fileRef = E3F845BB1ABA8A4500CB2029 /* Images.xcassets */; };
		E3F845BF1ABA8A4500CB2029 /* LaunchScreen.xib in Resources */ = {isa = PBXBuildFile; fileRef = E3F845BD1ABA8A4500CB2029 /* LaunchScreen.xib */; };
		E3F845CB1ABA8A4500CB2029 /* RowReducedEchelonFormTests.m in Sources */ = {isa = PBXBuildFile; fileRef = E3F845CA1ABA8A4500CB2029 /* RowReducedEchelonFormTests.m */; };
		E3F874131ABC9CF300CB2029 /* SolutionController.m in Sources */ = {isa = PBXBuildFile; fileRef = E3F874111ABC9CF300CB2029 /* SolutionController.m */; };
		E3F874141ABC9CF300CB2029 /* SolutionController.xib in Resources */ = {isa = PBXBuildFile; fileRef = E3F874121ABC9CF300CB2029 /* SolutionController.xib */; };
/* End PBXBuildFile section */

/* Begin PBXContainerItemProxy section */
		E3F845C51ABA8A4500CB2029 /* PBXContainerItemProxy */ = {
			isa = PBXContainerItemProxy;
			containerPortal = E3F845A31ABA8A4500CB2029 /* Project object */;
			proxyType = 1;
			remoteGlobalIDString = E3F845AA1ABA8A4500CB2029;
			remoteInfo = RowReducedEchelonForm;
		};
/* End PBXContainerItemProxy section */

/* Begin PBXFileReference section */
		E3F845AB1ABA8A4500CB2029 /* RowReducedEchelonForm.app */ = {isa = PBXFileReference; explicitFileType = wrapper.application; includeInIndex = 0; path = RowReducedEchelonForm.app; sourceTree = BUILT_PRODUCTS_DIR; };
		E3F845AF1ABA8A4500CB2029 /* Info.plist */ = {isa = PBXFileReference; lastKnownFileType = text.plist.xml; path = Info.plist; sourceTree = "<group>"; };
		E3F845B01ABA8A4500CB2029 /* main.m */ = {isa = PBXFileReference; lastKnownFileType = sourcecode.c.objc; path = main.m; sourceTree = "<group>"; };
		E3F845B21ABA8A4500CB2029 /* AppDelegate.h */ = {isa = PBXFileReference; lastKnownFileType = sourcecode.c.h; path = AppDelegate.h; sourceTree = "<group>"; };
		E3F845B31ABA8A4500CB2029 /* AppDelegate.m */ = {isa = PBXFileReference; lastKnownFileType = sourcecode.c.objc; path = AppDelegate.m; sourceTree = "<group>"; };
		E3F845B51ABA8A4500CB2029 /* ViewController.h */ = {isa = PBXFileReference; lastKnownFileType = sourcecode.c.h; path = ViewController.h; sourceTree = "<group>"; };
		E3F845B61ABA8A4500CB2029 /* ViewController.mm */ = {isa = PBXFileReference; lastKnownFileType = sourcecode.cpp.objcpp; path = ViewController.mm; sourceTree = "<group>"; };
		E3F845B91ABA8A4500CB2029 /* Base */ = {isa = PBXFileReference; lastKnownFileType = file.storyboard; name = Base; path = Base.lproj/Main.storyboard; sourceTree = "<group>"; };
		E3F845BB1ABA8A4500CB2029 /* Images.xcassets */ = {isa = PBXFileReference; lastKnownFileType = folder.assetcatalog; path = Images.xcassets; sourceTree = "<group>"; };
		E3F845BE1ABA8A4500CB2029 /* Base */ = {isa = PBXFileReference; lastKnownFileType = file.xib; name = Base; path = Base.lproj/LaunchScreen.xib; sourceTree = "<group>"; };
		E3F845C41ABA8A4500CB2029 /* RowReducedEchelonFormTests.xctest */ = {isa = PBXFileReference; explicitFileType = wrapper.cfbundle; includeInIndex = 0; path = RowReducedEchelonFormTests.xctest; sourceTree = BUILT_PRODUCTS_DIR; };
		E3F845C91ABA8A4500CB2029 /* Info.plist */ = {isa = PBXFileReference; lastKnownFileType = text.plist.xml; path = Info.plist; sourceTree = "<group>"; };
		E3F845CA1ABA8A4500CB2029 /* RowReducedEchelonFormTests.m */ = {isa = PBXFileReference; lastKnownFileType = sourcecode.c.objc; path = RowReducedEchelonFormTests.m; sourceTree = "<group>"; };
		E3F874101ABC9CF300CB2029 /* SolutionController.h */ = {isa = PBXFileReference; fileEncoding = 4; lastKnownFileType = sourcecode.c.h; name = SolutionController.h; path = ../SolutionController.h; sourceTree = "<group>"; };
		E3F874111ABC9CF300CB2029 /* SolutionController.m */ = {isa = PBXFileReference; fileEncoding = 4; lastKnownFileType = sourcecode.c.objc; name = SolutionController.m; path = ../SolutionController.m; sourceTree = "<group>"; };
		E3F874121ABC9CF300CB2029 /* SolutionController.xib */ = {isa = PBXFileReference; fileEncoding = 4; lastKnownFileType = file.xib; name = SolutionController.xib; path = ../SolutionController.xib; sourceTree = "<group>"; };
/* End PBXFileReference section */

/* Begin PBXFrameworksBuildPhase section */
		E3F845A81ABA8A4500CB2029 /* Frameworks */ = {
			isa = PBXFrameworksBuildPhase;
			buildActionMask = 2147483647;
			files = (
			);
			runOnlyForDeploymentPostprocessing = 0;
		};
		E3F845C11ABA8A4500CB2029 /* Frameworks */ = {
			isa = PBXFrameworksBuildPhase;
			buildActionMask = 2147483647;
			files = (
			);
			runOnlyForDeploymentPostprocessing = 0;
		};
/* End PBXFrameworksBuildPhase section */

/* Begin PBXGroup section */
		E3F845A21ABA8A4500CB2029 = {
			isa = PBXGroup;
			children = (
				E3F845AD1ABA8A4500CB2029 /* RowReducedEchelonForm */,
				E3F845C71ABA8A4500CB2029 /* RowReducedEchelonFormTests */,
				E3F845AC1ABA8A4500CB2029 /* Products */,
			);
			sourceTree = "<group>";
		};
		E3F845AC1ABA8A4500CB2029 /* Products */ = {
			isa = PBXGroup;
			children = (
				E3F845AB1ABA8A4500CB2029 /* RowReducedEchelonForm.app */,
				E3F845C41ABA8A4500CB2029 /* RowReducedEchelonFormTests.xctest */,
			);
			name = Products;
			sourceTree = "<group>";
		};
		E3F845AD1ABA8A4500CB2029 /* RowReducedEchelonForm */ = {
			isa = PBXGroup;
			children = (
				E3F845B21ABA8A4500CB2029 /* AppDelegate.h */,
				E3F845B31ABA8A4500CB2029 /* AppDelegate.m */,
				E3F845B51ABA8A4500CB2029 /* ViewController.h */,
				E3F845B61ABA8A4500CB2029 /* ViewController.mm */,
				E3F874101ABC9CF300CB2029 /* SolutionController.h */,
				E3F874111ABC9CF300CB2029 /* SolutionController.m */,
				E3F874121ABC9CF300CB2029 /* SolutionController.xib */,
				E3F845B81ABA8A4500CB2029 /* Main.storyboard */,
				E3F845BB1ABA8A4500CB2029 /* Images.xcassets */,
				E3F845BD1ABA8A4500CB2029 /* LaunchScreen.xib */,
				E3F845AE1ABA8A4500CB2029 /* Supporting Files */,
			);
			path = RowReducedEchelonForm;
			sourceTree = "<group>";
		};
		E3F845AE1ABA8A4500CB2029 /* Supporting Files */ = {
			isa = PBXGroup;
			children = (
				E3F845AF1ABA8A4500CB2029 /* Info.plist */,
				E3F845B01ABA8A4500CB2029 /* main.m */,
			);
			name = "Supporting Files";
			sourceTree = "<group>";
		};
		E3F845C71ABA8A4500CB2029 /* RowReducedEchelonFormTests */ = {
			isa = PBXGroup;
			children = (
				E3F845CA1ABA8A4500CB2029 /* RowReducedEchelonFormTests.m */,
				E3F845C81ABA8A4500CB2029 /* Supporting Files */,
			);
			path = RowReducedEchelonFormTests;
			sourceTree = "<group>";
		};
		E3F845C81ABA8A4500CB2029 /* Supporting Files */ = {
			isa = PBXGroup;
			children = (
				E3F845C91ABA8A4500CB2029 /* Info.plist */,
			);
			name = "Supporting Files";
			sourceTree = "<group>";
		};
/* End PBXGroup section */

/* Begin PBXNativeTarget section */
		E3F845AA1ABA8A4500CB2029 /* RowReducedEchelonForm */ = {
			isa = PBXNativeTarget;
			buildConfigurationList = E3F845CE1ABA8A4500CB2029 /* Build configuration list for PBXNativeTarget "RowReducedEchelonForm" */;
			buildPhases = (
				E3F845A71ABA8A4500CB2029 /* Sources */,
				E3F845A81ABA8A4500CB2029 /* Frameworks */,
				E3F845A91ABA8A4500CB2029 /* Resources */,
			);
			buildRules = (
			);
			dependencies = (
			);
			name = RowReducedEchelonForm;
			productName = RowReducedEchelonForm;
			productReference = E3F845AB1ABA8A4500CB2029 /* RowReducedEchelonForm.app */;
			productType = "com.apple.product-type.application";
		};
		E3F845C31ABA8A4500CB2029 /* RowReducedEchelonFormTests */ = {
			isa = PBXNativeTarget;
			buildConfigurationList = E3F845D11ABA8A4500CB2029 /* Build configuration list for PBXNativeTarget "RowReducedEchelonFormTests" */;
			buildPhases = (
				E3F845C01ABA8A4500CB2029 /* Sources */,
				E3F845C11ABA8A4500CB2029 /* Frameworks */,
				E3F845C21ABA8A4500CB2029 /* Resources */,
			);
			buildRules = (
			);
			dependencies = (
				E3F845C61ABA8A4500CB2029 /* PBXTargetDependency */,
			);
			name = RowReducedEchelonFormTests;
			productName = RowReducedEchelonFormTests;
			productReference = E3F845C41ABA8A4500CB2029 /* RowReducedEchelonFormTests.xctest */;
			productType = "com.apple.product-type.bundle.unit-test";
		};
/* End PBXNativeTarget section */

/* Begin PBXProject section */
		E3F845A31ABA8A4500CB2029 /* Project object */ = {
			isa = PBXProject;
			attributes = {
				LastUpgradeCheck = 0620;
				ORGANIZATIONNAME = "Achintya Gopal\\";
				TargetAttributes = {
					E3F845AA1ABA8A4500CB2029 = {
						CreatedOnToolsVersion = 6.2;
					};
					E3F845C31ABA8A4500CB2029 = {
						CreatedOnToolsVersion = 6.2;
						TestTargetID = E3F845AA1ABA8A4500CB2029;
					};
				};
			};
			buildConfigurationList = E3F845A61ABA8A4500CB2029 /* Build configuration list for PBXProject "RowReducedEchelonForm" */;
			compatibilityVersion = "Xcode 3.2";
			developmentRegion = English;
			hasScannedForEncodings = 0;
			knownRegions = (
				en,
				Base,
			);
			mainGroup = E3F845A21ABA8A4500CB2029;
			productRefGroup = E3F845AC1ABA8A4500CB2029 /* Products */;
			projectDirPath = "";
			projectRoot = "";
			targets = (
				E3F845AA1ABA8A4500CB2029 /* RowReducedEchelonForm */,
				E3F845C31ABA8A4500CB2029 /* RowReducedEchelonFormTests */,
			);
		};
/* End PBXProject section */

/* Begin PBXResourcesBuildPhase section */
		E3F845A91ABA8A4500CB2029 /* Resources */ = {
			isa = PBXResourcesBuildPhase;
			buildActionMask = 2147483647;
			files = (
				E3F874141ABC9CF300CB2029 /* SolutionController.xib in Resources */,
				E3F845BA1ABA8A4500CB2029 /* Main.storyboard in Resources */,
				E3F845BF1ABA8A4500CB2029 /* LaunchScreen.xib in Resources */,
				E3F845BC1ABA8A4500CB2029 /* Images.xcassets in Resources */,
			);
			runOnlyForDeploymentPostprocessing = 0;
		};
		E3F845C21ABA8A4500CB2029 /* Resources */ = {
			isa = PBXResourcesBuildPhase;
			buildActionMask = 2147483647;
			files = (
			);
			runOnlyForDeploymentPostprocessing = 0;
		};
/* End PBXResourcesBuildPhase section */

/* Begin PBXSourcesBuildPhase section */
		E3F845A71ABA8A4500CB2029 /* Sources */ = {
			isa = PBXSourcesBuildPhase;
			buildActionMask = 2147483647;
			files = (
				E3F874131ABC9CF300CB2029 /* SolutionController.m in Sources */,
				E3F845B71ABA8A4500CB2029 /* ViewController.mm in Sources */,
				E3F845B41ABA8A4500CB2029 /* AppDelegate.m in Sources */,
				E3F845B11ABA8A4500CB2029 /* main.m in Sources */,
			);
			runOnlyForDeploymentPostprocessing = 0;
		};
		E3F845C01ABA8A4500CB2029 /* Sources */ = {
			isa = PBXSourcesBuildPhase;
			buildActionMask = 2147483647;
			files = (
				E3F845CB1ABA8A4500CB2029 /* RowReducedEchelonFormTests.m in Sources */,
			);
			runOnlyForDeploymentPostprocessing = 0;
		};
/* End PBXSourcesBuildPhase section */

/* Begin PBXTargetDependency section */
		E3F845C61ABA8A4500CB2029 /* PBXTargetDependency */ = {
			isa = PBXTargetDependency;
			target = E3F845AA1ABA8A4500CB2029 /* RowReducedEchelonForm */;
			targetProxy = E3F845C51ABA8A4500CB2029 /* PBXContainerItemProxy */;
		};
/* End PBXTargetDependency section */

/* Begin PBXVariantGroup section */
		E3F845B81ABA8A4500CB2029 /* Main.storyboard */ = {
			isa = PBXVariantGroup;
			children = (
				E3F845B91ABA8A4500CB2029 /* Base */,
			);
			name = Main.storyboard;
			sourceTree = "<group>";
		};
		E3F845BD1ABA8A4500CB2029 /* LaunchScreen.xib */ = {
			isa = PBXVariantGroup;
			children = (
				E3F845BE1ABA8A4500CB2029 /* Base */,
			);
			name = LaunchScreen.xib;
			sourceTree = "<group>";
		};
/* End PBXVariantGroup section */

/* Begin XCBuildConfiguration section */
		E3F845CC1ABA8A4500CB2029 /* Debug */ = {
			isa = XCBuildConfiguration;
			buildSettings = {
				ALWAYS_SEARCH_USER_PATHS = NO;
				CLANG_CXX_LANGUAGE_STANDARD = "gnu++0x";
				CLANG_CXX_LIBRARY = "libc++";
				CLANG_ENABLE_MODULES = YES;
				CLANG_ENABLE_OBJC_ARC = YES;
				CLANG_WARN_BOOL_CONVERSION = YES;
				CLANG_WARN_CONSTANT_CONVERSION = YES;
				CLANG_WARN_DIRECT_OBJC_ISA_USAGE = YES_ERROR;
				CLANG_WARN_EMPTY_BODY = YES;
				CLANG_WARN_ENUM_CONVERSION = YES;
				CLANG_WARN_INT_CONVERSION = YES;
				CLANG_WARN_OBJC_ROOT_CLASS = YES_ERROR;
				CLANG_WARN_UNREACHABLE_CODE = YES;
				CLANG_WARN__DUPLICATE_METHOD_MATCH = YES;
				"CODE_SIGN_IDENTITY[sdk=iphoneos*]" = "iPhone Developer";
				COPY_PHASE_STRIP = NO;
				ENABLE_STRICT_OBJC_MSGSEND = YES;
				GCC_C_LANGUAGE_STANDARD = gnu99;
				GCC_DYNAMIC_NO_PIC = NO;
				GCC_OPTIMIZATION_LEVEL = 0;
				GCC_PREPROCESSOR_DEFINITIONS = (
					"DEBUG=1",
					"$(inherited)",
				);
				GCC_SYMBOLS_PRIVATE_EXTERN = NO;
				GCC_WARN_64_TO_32_BIT_CONVERSION = YES;
				GCC_WARN_ABOUT_RETURN_TYPE = YES_ERROR;
				GCC_WARN_UNDECLARED_SELECTOR = YES;
				GCC_WARN_UNINITIALIZED_AUTOS = YES_AGGRESSIVE;
				GCC_WARN_UNUSED_FUNCTION = YES;
				GCC_WARN_UNUSED_VARIABLE = YES;
				IPHONEOS_DEPLOYMENT_TARGET = 8.2;
				MTL_ENABLE_DEBUG_INFO = YES;
				ONLY_ACTIVE_ARCH = YES;
				SDKROOT = iphoneos;
			};
			name = Debug;
		};
		E3F845CD1ABA8A4500CB2029 /* Release */ = {
			isa = XCBuildConfiguration;
			buildSettings = {
				ALWAYS_SEARCH_USER_PATHS = NO;
				CLANG_CXX_LANGUAGE_STANDARD = "gnu++0x";
				CLANG_CXX_LIBRARY = "libc++";
				CLANG_ENABLE_MODULES = YES;
				CLANG_ENABLE_OBJC_ARC = YES;
				CLANG_WARN_BOOL_CONVERSION = YES;
				CLANG_WARN_CONSTANT_CONVERSION = YES;
				CLANG_WARN_DIRECT_OBJC_ISA_USAGE = YES_ERROR;
				CLANG_WARN_EMPTY_BODY = YES;
				CLANG_WARN_ENUM_CONVERSION = YES;
				CLANG_WARN_INT_CONVERSION = YES;
				CLANG_WARN_OBJC_ROOT_CLASS = YES_ERROR;
				CLANG_WARN_UNREACHABLE_CODE = YES;
				CLANG_WARN__DUPLICATE_METHOD_MATCH = YES;
				"CODE_SIGN_IDENTITY[sdk=iphoneos*]" = "iPhone Developer";
				COPY_PHASE_STRIP = NO;
				ENABLE_NS_ASSERTIONS = NO;
				ENABLE_STRICT_OBJC_MSGSEND = YES;
				GCC_C_LANGUAGE_STANDARD = gnu99;
				GCC_WARN_64_TO_32_BIT_CONVERSION = YES;
				GCC_WARN_ABOUT_RETURN_TYPE = YES_ERROR;
				GCC_WARN_UNDECLARED_SELECTOR = YES;
				GCC_WARN_UNINITIALIZED_AUTOS = YES_AGGRESSIVE;
				GCC_WARN_UNUSED_FUNCTION = YES;
				GCC_WARN_UNUSED_VARIABLE = YES;
				IPHONEOS_DEPLOYMENT_TARGET = 8.2;
				MTL_ENABLE_DEBUG_INFO = NO;
				SDKROOT = iphoneos;
				VALIDATE_PRODUCT = YES;
			};
			name = Release;
		};
		E3F845CF1ABA8A4500CB2029 /* Debug */ = {
			isa = XCBuildConfiguration;
			buildSettings = {
				ASSETCATALOG_COMPILER_APPICON_NAME = AppIcon;
				INFOPLIST_FILE = RowReducedEchelonForm/Info.plist;
				LD_RUNPATH_SEARCH_PATHS = "$(inherited) @executable_path/Frameworks";
				PRODUCT_NAME = "$(TARGET_NAME)";
			};
			name = Debug;
		};
		E3F845D01ABA8A4500CB2029 /* Release */ = {
			isa = XCBuildConfiguration;
			buildSettings = {
				ASSETCATALOG_COMPILER_APPICON_NAME = AppIcon;
				INFOPLIST_FILE = RowReducedEchelonForm/Info.plist;
				LD_RUNPATH_SEARCH_PATHS = "$(inherited) @executable_path/Frameworks";
				PRODUCT_NAME = "$(TARGET_NAME)";
			};
			name = Release;
		};
		E3F845D21ABA8A4500CB2029 /* Debug */ = {
			isa = XCBuildConfiguration;
			buildSettings = {
				BUNDLE_LOADER = "$(TEST_HOST)";
				FRAMEWORK_SEARCH_PATHS = (
					"$(SDKROOT)/Developer/Library/Frameworks",
					"$(inherited)",
				);
				GCC_PREPROCESSOR_DEFINITIONS = (
					"DEBUG=1",
					"$(inherited)",
				);
				INFOPLIST_FILE = RowReducedEchelonFormTests/Info.plist;
				LD_RUNPATH_SEARCH_PATHS = "$(inherited) @executable_path/Frameworks @loader_path/Frameworks";
				PRODUCT_NAME = "$(TARGET_NAME)";
				TEST_HOST = "$(BUILT_PRODUCTS_DIR)/RowReducedEchelonForm.app/RowReducedEchelonForm";
			};
			name = Debug;
		};
		E3F845D31ABA8A4500CB2029 /* Release */ = {
			isa = XCBuildConfiguration;
			buildSettings = {
				BUNDLE_LOADER = "$(TEST_HOST)";
				FRAMEWORK_SEARCH_PATHS = (
					"$(SDKROOT)/Developer/Library/Frameworks",
					"$(inherited)",
				);
				INFOPLIST_FILE = RowReducedEchelonFormTests/Info.plist;
				LD_RUNPATH_SEARCH_PATHS = "$(inherited) @executable_path/Frameworks @loader_path/Frameworks";
				PRODUCT_NAME = "$(TARGET_NAME)";
				TEST_HOST = "$(BUILT_PRODUCTS_DIR)/RowReducedEchelonForm.app/RowReducedEchelonForm";
			};
			name = Release;
		};
/* End XCBuildConfiguration section */

/* Begin XCConfigurationList section */
		E3F845A61ABA8A4500CB2029 /* Build configuration list for PBXProject "RowReducedEchelonForm" */ = {
			isa = XCConfigurationList;
			buildConfigurations = (
				E3F845CC1ABA8A4500CB2029 /* Debug */,
				E3F845CD1ABA8A4500CB2029 /* Release */,
			);
			defaultConfigurationIsVisible = 0;
			defaultConfigurationName = Release;
		};
		E3F845CE1ABA8A4500CB2029 /* Build configuration list for PBXNativeTarget "RowReducedEchelonForm" */ = {
			isa = XCConfigurationList;
			buildConfigurations = (
				E3F845CF1ABA8A4500CB2029 /* Debug */,
				E3F845D01ABA8A4500CB2029 /* Release */,
			);
			defaultConfigurationIsVisible = 0;
			defaultConfigurationName = Release;
		};
		E3F845D11ABA8A4500CB2029 /* Build configuration list for PBXNativeTarget "RowReducedEchelonFormTests" */ = {
			isa = XCConfigurationList;
			buildConfigurations = (
				E3F845D21ABA8A4500CB2029 /* Debug */,
				E3F845D31ABA8A4500CB2029 /* Release */,
			);
			defaultConfigurationIsVisible = 0;
			defaultConfigurationName = Release;
		};
/* End XCConfigurationList section */
	};
	rootObject = E3F845A31ABA8A4500CB2029 /* Project object */;
}
