// !$*UTF8*$!
{
	archiveVersion = 1;
	classes = {
	};
	objectVersion = 46;
	objects = {

/* Begin PBXBuildFile section */
		E3A7B6981BA757EF0039A381 /* build_dependencies.sh in Resources */ = {isa = PBXBuildFile; fileRef = E3A7B5341BA757EE0039A381 /* build_dependencies.sh */; };
		E3A7B6991BA757EF0039A381 /* InfoPlist.strings in Resources */ = {isa = PBXBuildFile; fileRef = E3A7B5351BA757EE0039A381 /* InfoPlist.strings */; };
		E3A7B69A1BA757EF0039A381 /* G8RecognitionOperation.m in Sources */ = {isa = PBXBuildFile; fileRef = E3A7B5391BA757EE0039A381 /* G8RecognitionOperation.m */; };
		E3A7B69B1BA757EF0039A381 /* G8RecognizedBlock.m in Sources */ = {isa = PBXBuildFile; fileRef = E3A7B53B1BA757EE0039A381 /* G8RecognizedBlock.m */; };
		E3A7B69C1BA757EF0039A381 /* G8Tesseract.mm in Sources */ = {isa = PBXBuildFile; fileRef = E3A7B53D1BA757EE0039A381 /* G8Tesseract.mm */; };
		E3A7B69D1BA757EF0039A381 /* G8TesseractParameters.m in Sources */ = {isa = PBXBuildFile; fileRef = E3A7B5401BA757EE0039A381 /* G8TesseractParameters.m */; };
		E3A7B69E1BA757EF0039A381 /* liblept.a in Frameworks */ = {isa = PBXBuildFile; fileRef = E3A7B68E1BA757EF0039A381 /* liblept.a */; };
		E3A7B69F1BA757EF0039A381 /* libtesseract_all.a in Frameworks */ = {isa = PBXBuildFile; fileRef = E3A7B68F1BA757EF0039A381 /* libtesseract_all.a */; };
		E3A7B6A01BA757EF0039A381 /* parametersConstantsGenerator.py in Resources */ = {isa = PBXBuildFile; fileRef = E3A7B6901BA757EF0039A381 /* parametersConstantsGenerator.py */; };
		E3A7B6A31BA757EF0039A381 /* TesseractOCR-Info.plist in Resources */ = {isa = PBXBuildFile; fileRef = E3A7B6931BA757EF0039A381 /* TesseractOCR-Info.plist */; };
		E3A7B6A41BA757EF0039A381 /* UIImage+G8Filters.m in Sources */ = {isa = PBXBuildFile; fileRef = E3A7B6971BA757EF0039A381 /* UIImage+G8Filters.m */; };
		E3F8723A1ABBC2D700CB2029 /* main.m in Sources */ = {isa = PBXBuildFile; fileRef = E3F872391ABBC2D700CB2029 /* main.m */; };
		E3F8723D1ABBC2D700CB2029 /* AppDelegate.m in Sources */ = {isa = PBXBuildFile; fileRef = E3F8723C1ABBC2D700CB2029 /* AppDelegate.m */; };
		E3F872401ABBC2D700CB2029 /* ViewController.m in Sources */ = {isa = PBXBuildFile; fileRef = E3F8723F1ABBC2D700CB2029 /* ViewController.m */; };
		E3F872431ABBC2D700CB2029 /* Main.storyboard in Resources */ = {isa = PBXBuildFile; fileRef = E3F872411ABBC2D700CB2029 /* Main.storyboard */; };
		E3F872451ABBC2D700CB2029 /* Images.xcassets in Resources */ = {isa = PBXBuildFile; fileRef = E3F872441ABBC2D700CB2029 /* Images.xcassets */; };
		E3F872481ABBC2D700CB2029 /* LaunchScreen.xib in Resources */ = {isa = PBXBuildFile; fileRef = E3F872461ABBC2D700CB2029 /* LaunchScreen.xib */; };
		E3F872541ABBC2D800CB2029 /* UsingTesseractTests.m in Sources */ = {isa = PBXBuildFile; fileRef = E3F872531ABBC2D800CB2029 /* UsingTesseractTests.m */; };
		E3F873D41ABBC32200CB2029 /* tessdata in Resources */ = {isa = PBXBuildFile; fileRef = E3F873D31ABBC32200CB2029 /* tessdata */; };
/* End PBXBuildFile section */

/* Begin PBXContainerItemProxy section */
		E3F8724E1ABBC2D800CB2029 /* PBXContainerItemProxy */ = {
			isa = PBXContainerItemProxy;
			containerPortal = E3F8722C1ABBC2D700CB2029 /* Project object */;
			proxyType = 1;
			remoteGlobalIDString = E3F872331ABBC2D700CB2029;
			remoteInfo = UsingTesseract;
		};
/* End PBXContainerItemProxy section */

/* Begin PBXFileReference section */
		E3A7B5341BA757EE0039A381 /* build_dependencies.sh */ = {isa = PBXFileReference; fileEncoding = 4; lastKnownFileType = text.script.sh; path = build_dependencies.sh; sourceTree = "<group>"; };
		E3A7B5361BA757EE0039A381 /* en */ = {isa = PBXFileReference; lastKnownFileType = text.plist.strings; name = en; path = en.lproj/InfoPlist.strings; sourceTree = "<group>"; };
		E3A7B5371BA757EE0039A381 /* G8Constants.h */ = {isa = PBXFileReference; fileEncoding = 4; lastKnownFileType = sourcecode.c.h; path = G8Constants.h; sourceTree = "<group>"; };
		E3A7B5381BA757EE0039A381 /* G8RecognitionOperation.h */ = {isa = PBXFileReference; fileEncoding = 4; lastKnownFileType = sourcecode.c.h; path = G8RecognitionOperation.h; sourceTree = "<group>"; };
		E3A7B5391BA757EE0039A381 /* G8RecognitionOperation.m */ = {isa = PBXFileReference; fileEncoding = 4; lastKnownFileType = sourcecode.c.objc; path = G8RecognitionOperation.m; sourceTree = "<group>"; };
		E3A7B53A1BA757EE0039A381 /* G8RecognizedBlock.h */ = {isa = PBXFileReference; fileEncoding = 4; lastKnownFileType = sourcecode.c.h; path = G8RecognizedBlock.h; sourceTree = "<group>"; };
		E3A7B53B1BA757EE0039A381 /* G8RecognizedBlock.m */ = {isa = PBXFileReference; fileEncoding = 4; lastKnownFileType = sourcecode.c.objc; path = G8RecognizedBlock.m; sourceTree = "<group>"; };
		E3A7B53C1BA757EE0039A381 /* G8Tesseract.h */ = {isa = PBXFileReference; fileEncoding = 4; lastKnownFileType = sourcecode.c.h; path = G8Tesseract.h; sourceTree = "<group>"; };
		E3A7B53D1BA757EE0039A381 /* G8Tesseract.mm */ = {isa = PBXFileReference; fileEncoding = 4; lastKnownFileType = sourcecode.cpp.objcpp; path = G8Tesseract.mm; sourceTree = "<group>"; };
		E3A7B53E1BA757EE0039A381 /* G8TesseractDelegate.h */ = {isa = PBXFileReference; fileEncoding = 4; lastKnownFileType = sourcecode.c.h; path = G8TesseractDelegate.h; sourceTree = "<group>"; };
		E3A7B53F1BA757EE0039A381 /* G8TesseractParameters.h */ = {isa = PBXFileReference; fileEncoding = 4; lastKnownFileType = sourcecode.c.h; path = G8TesseractParameters.h; sourceTree = "<group>"; };
		E3A7B5401BA757EE0039A381 /* G8TesseractParameters.m */ = {isa = PBXFileReference; fileEncoding = 4; lastKnownFileType = sourcecode.c.objc; path = G8TesseractParameters.m; sourceTree = "<group>"; };
		E3A7B5431BA757EE0039A381 /* allheaders.h */ = {isa = PBXFileReference; fileEncoding = 4; lastKnownFileType = sourcecode.c.h; path = allheaders.h; sourceTree = "<group>"; };
		E3A7B5441BA757EE0039A381 /* alltypes.h */ = {isa = PBXFileReference; fileEncoding = 4; lastKnownFileType = sourcecode.c.h; path = alltypes.h; sourceTree = "<group>"; };
		E3A7B5451BA757EE0039A381 /* array.h */ = {isa = PBXFileReference; fileEncoding = 4; lastKnownFileType = sourcecode.c.h; path = array.h; sourceTree = "<group>"; };
		E3A7B5461BA757EE0039A381 /* arrayaccess.h */ = {isa = PBXFileReference; fileEncoding = 4; lastKnownFileType = sourcecode.c.h; path = arrayaccess.h; sourceTree = "<group>"; };
		E3A7B5471BA757EE0039A381 /* bbuffer.h */ = {isa = PBXFileReference; fileEncoding = 4; lastKnownFileType = sourcecode.c.h; path = bbuffer.h; sourceTree = "<group>"; };
		E3A7B5481BA757EE0039A381 /* bilateral.h */ = {isa = PBXFileReference; fileEncoding = 4; lastKnownFileType = sourcecode.c.h; path = bilateral.h; sourceTree = "<group>"; };
		E3A7B5491BA757EE0039A381 /* bmf.h */ = {isa = PBXFileReference; fileEncoding = 4; lastKnownFileType = sourcecode.c.h; path = bmf.h; sourceTree = "<group>"; };
		E3A7B54A1BA757EE0039A381 /* bmp.h */ = {isa = PBXFileReference; fileEncoding = 4; lastKnownFileType = sourcecode.c.h; path = bmp.h; sourceTree = "<group>"; };
		E3A7B54B1BA757EE0039A381 /* ccbord.h */ = {isa = PBXFileReference; fileEncoding = 4; lastKnownFileType = sourcecode.c.h; path = ccbord.h; sourceTree = "<group>"; };
		E3A7B54C1BA757EE0039A381 /* config_auto.h */ = {isa = PBXFileReference; fileEncoding = 4; lastKnownFileType = sourcecode.c.h; path = config_auto.h; sourceTree = "<group>"; };
		E3A7B54D1BA757EE0039A381 /* dewarp.h */ = {isa = PBXFileReference; fileEncoding = 4; lastKnownFileType = sourcecode.c.h; path = dewarp.h; sourceTree = "<group>"; };
		E3A7B54E1BA757EE0039A381 /* endianness.h */ = {isa = PBXFileReference; fileEncoding = 4; lastKnownFileType = sourcecode.c.h; path = endianness.h; sourceTree = "<group>"; };
		E3A7B54F1BA757EE0039A381 /* environ.h */ = {isa = PBXFileReference; fileEncoding = 4; lastKnownFileType = sourcecode.c.h; path = environ.h; sourceTree = "<group>"; };
		E3A7B5501BA757EE0039A381 /* freetype.h */ = {isa = PBXFileReference; fileEncoding = 4; lastKnownFileType = sourcecode.c.h; path = freetype.h; sourceTree = "<group>"; };
		E3A7B5511BA757EE0039A381 /* gplot.h */ = {isa = PBXFileReference; fileEncoding = 4; lastKnownFileType = sourcecode.c.h; path = gplot.h; sourceTree = "<group>"; };
		E3A7B5521BA757EE0039A381 /* heap.h */ = {isa = PBXFileReference; fileEncoding = 4; lastKnownFileType = sourcecode.c.h; path = heap.h; sourceTree = "<group>"; };
		E3A7B5531BA757EE0039A381 /* imageio.h */ = {isa = PBXFileReference; fileEncoding = 4; lastKnownFileType = sourcecode.c.h; path = imageio.h; sourceTree = "<group>"; };
		E3A7B5541BA757EE0039A381 /* jbclass.h */ = {isa = PBXFileReference; fileEncoding = 4; lastKnownFileType = sourcecode.c.h; path = jbclass.h; sourceTree = "<group>"; };
		E3A7B5551BA757EE0039A381 /* leptwin.h */ = {isa = PBXFileReference; fileEncoding = 4; lastKnownFileType = sourcecode.c.h; path = leptwin.h; sourceTree = "<group>"; };
		E3A7B5561BA757EE0039A381 /* list.h */ = {isa = PBXFileReference; fileEncoding = 4; lastKnownFileType = sourcecode.c.h; path = list.h; sourceTree = "<group>"; };
		E3A7B5571BA757EE0039A381 /* morph.h */ = {isa = PBXFileReference; fileEncoding = 4; lastKnownFileType = sourcecode.c.h; path = morph.h; sourceTree = "<group>"; };
		E3A7B5581BA757EE0039A381 /* pix.h */ = {isa = PBXFileReference; fileEncoding = 4; lastKnownFileType = sourcecode.c.h; path = pix.h; sourceTree = "<group>"; };
		E3A7B5591BA757EE0039A381 /* ptra.h */ = {isa = PBXFileReference; fileEncoding = 4; lastKnownFileType = sourcecode.c.h; path = ptra.h; sourceTree = "<group>"; };
		E3A7B55A1BA757EE0039A381 /* queue.h */ = {isa = PBXFileReference; fileEncoding = 4; lastKnownFileType = sourcecode.c.h; path = queue.h; sourceTree = "<group>"; };
		E3A7B55B1BA757EE0039A381 /* readbarcode.h */ = {isa = PBXFileReference; fileEncoding = 4; lastKnownFileType = sourcecode.c.h; path = readbarcode.h; sourceTree = "<group>"; };
		E3A7B55C1BA757EE0039A381 /* recog.h */ = {isa = PBXFileReference; fileEncoding = 4; lastKnownFileType = sourcecode.c.h; path = recog.h; sourceTree = "<group>"; };
		E3A7B55D1BA757EE0039A381 /* regutils.h */ = {isa = PBXFileReference; fileEncoding = 4; lastKnownFileType = sourcecode.c.h; path = regutils.h; sourceTree = "<group>"; };
		E3A7B55E1BA757EE0039A381 /* stack.h */ = {isa = PBXFileReference; fileEncoding = 4; lastKnownFileType = sourcecode.c.h; path = stack.h; sourceTree = "<group>"; };
		E3A7B55F1BA757EE0039A381 /* sudoku.h */ = {isa = PBXFileReference; fileEncoding = 4; lastKnownFileType = sourcecode.c.h; path = sudoku.h; sourceTree = "<group>"; };
		E3A7B5601BA757EE0039A381 /* watershed.h */ = {isa = PBXFileReference; fileEncoding = 4; lastKnownFileType = sourcecode.c.h; path = watershed.h; sourceTree = "<group>"; };
		E3A7B5621BA757EE0039A381 /* adaptive.h */ = {isa = PBXFileReference; fileEncoding = 4; lastKnownFileType = sourcecode.c.h; path = adaptive.h; sourceTree = "<group>"; };
		E3A7B5631BA757EE0039A381 /* alignedblob.h */ = {isa = PBXFileReference; fileEncoding = 4; lastKnownFileType = sourcecode.c.h; path = alignedblob.h; sourceTree = "<group>"; };
		E3A7B5641BA757EE0039A381 /* altlist.h */ = {isa = PBXFileReference; fileEncoding = 4; lastKnownFileType = sourcecode.c.h; path = altlist.h; sourceTree = "<group>"; };
		E3A7B5651BA757EE0039A381 /* ambigs.h */ = {isa = PBXFileReference; fileEncoding = 4; lastKnownFileType = sourcecode.c.h; path = ambigs.h; sourceTree = "<group>"; };
		E3A7B5661BA757EE0039A381 /* apitypes.h */ = {isa = PBXFileReference; fileEncoding = 4; lastKnownFileType = sourcecode.c.h; path = apitypes.h; sourceTree = "<group>"; };
		E3A7B5671BA757EE0039A381 /* associate.h */ = {isa = PBXFileReference; fileEncoding = 4; lastKnownFileType = sourcecode.c.h; path = associate.h; sourceTree = "<group>"; };
		E3A7B5681BA757EE0039A381 /* baseapi.h */ = {isa = PBXFileReference; fileEncoding = 4; lastKnownFileType = sourcecode.c.h; path = baseapi.h; sourceTree = "<group>"; };
		E3A7B5691BA757EE0039A381 /* basedir.h */ = {isa = PBXFileReference; fileEncoding = 4; lastKnownFileType = sourcecode.c.h; path = basedir.h; sourceTree = "<group>"; };
		E3A7B56A1BA757EE0039A381 /* baselinedetect.h */ = {isa = PBXFileReference; fileEncoding = 4; lastKnownFileType = sourcecode.c.h; path = baselinedetect.h; sourceTree = "<group>"; };
		E3A7B56B1BA757EE0039A381 /* bbgrid.h */ = {isa = PBXFileReference; fileEncoding = 4; lastKnownFileType = sourcecode.c.h; path = bbgrid.h; sourceTree = "<group>"; };
		E3A7B56C1BA757EE0039A381 /* beam_search.h */ = {isa = PBXFileReference; fileEncoding = 4; lastKnownFileType = sourcecode.c.h; path = beam_search.h; sourceTree = "<group>"; };
		E3A7B56D1BA757EE0039A381 /* bits16.h */ = {isa = PBXFileReference; fileEncoding = 4; lastKnownFileType = sourcecode.c.h; path = bits16.h; sourceTree = "<group>"; };
		E3A7B56E1BA757EE0039A381 /* bitvec.h */ = {isa = PBXFileReference; fileEncoding = 4; lastKnownFileType = sourcecode.c.h; path = bitvec.h; sourceTree = "<group>"; };
		E3A7B56F1BA757EE0039A381 /* bitvector.h */ = {isa = PBXFileReference; fileEncoding = 4; lastKnownFileType = sourcecode.c.h; path = bitvector.h; sourceTree = "<group>"; };
		E3A7B5701BA757EE0039A381 /* blamer.h */ = {isa = PBXFileReference; fileEncoding = 4; lastKnownFileType = sourcecode.c.h; path = blamer.h; sourceTree = "<group>"; };
		E3A7B5711BA757EE0039A381 /* blckerr.h */ = {isa = PBXFileReference; fileEncoding = 4; lastKnownFileType = sourcecode.c.h; path = blckerr.h; sourceTree = "<group>"; };
		E3A7B5721BA757EE0039A381 /* blkocc.h */ = {isa = PBXFileReference; fileEncoding = 4; lastKnownFileType = sourcecode.c.h; path = blkocc.h; sourceTree = "<group>"; };
		E3A7B5731BA757EE0039A381 /* blobbox.h */ = {isa = PBXFileReference; fileEncoding = 4; lastKnownFileType = sourcecode.c.h; path = blobbox.h; sourceTree = "<group>"; };
		E3A7B5741BA757EE0039A381 /* blobclass.h */ = {isa = PBXFileReference; fileEncoding = 4; lastKnownFileType = sourcecode.c.h; path = blobclass.h; sourceTree = "<group>"; };
		E3A7B5751BA757EE0039A381 /* blobgrid.h */ = {isa = PBXFileReference; fileEncoding = 4; lastKnownFileType = sourcecode.c.h; path = blobgrid.h; sourceTree = "<group>"; };
		E3A7B5761BA757EE0039A381 /* blobs.h */ = {isa = PBXFileReference; fileEncoding = 4; lastKnownFileType = sourcecode.c.h; path = blobs.h; sourceTree = "<group>"; };
		E3A7B5771BA757EE0039A381 /* blread.h */ = {isa = PBXFileReference; fileEncoding = 4; lastKnownFileType = sourcecode.c.h; path = blread.h; sourceTree = "<group>"; };
		E3A7B5781BA757EE0039A381 /* bmp_8.h */ = {isa = PBXFileReference; fileEncoding = 4; lastKnownFileType = sourcecode.c.h; path = bmp_8.h; sourceTree = "<group>"; };
		E3A7B5791BA757EE0039A381 /* boxchar.h */ = {isa = PBXFileReference; fileEncoding = 4; lastKnownFileType = sourcecode.c.h; path = boxchar.h; sourceTree = "<group>"; };
		E3A7B57A1BA757EE0039A381 /* boxread.h */ = {isa = PBXFileReference; fileEncoding = 4; lastKnownFileType = sourcecode.c.h; path = boxread.h; sourceTree = "<group>"; };
		E3A7B57B1BA757EE0039A381 /* boxword.h */ = {isa = PBXFileReference; fileEncoding = 4; lastKnownFileType = sourcecode.c.h; path = boxword.h; sourceTree = "<group>"; };
		E3A7B57C1BA757EE0039A381 /* cached_file.h */ = {isa = PBXFileReference; fileEncoding = 4; lastKnownFileType = sourcecode.c.h; path = cached_file.h; sourceTree = "<group>"; };
		E3A7B57D1BA757EE0039A381 /* callcpp.h */ = {isa = PBXFileReference; fileEncoding = 4; lastKnownFileType = sourcecode.c.h; path = callcpp.h; sourceTree = "<group>"; };
		E3A7B57E1BA757EE0039A381 /* capi.h */ = {isa = PBXFileReference; fileEncoding = 4; lastKnownFileType = sourcecode.c.h; path = capi.h; sourceTree = "<group>"; };
		E3A7B57F1BA757EE0039A381 /* ccnontextdetect.h */ = {isa = PBXFileReference; fileEncoding = 4; lastKnownFileType = sourcecode.c.h; path = ccnontextdetect.h; sourceTree = "<group>"; };
		E3A7B5801BA757EE0039A381 /* ccstruct.h */ = {isa = PBXFileReference; fileEncoding = 4; lastKnownFileType = sourcecode.c.h; path = ccstruct.h; sourceTree = "<group>"; };
		E3A7B5811BA757EE0039A381 /* ccutil.h */ = {isa = PBXFileReference; fileEncoding = 4; lastKnownFileType = sourcecode.c.h; path = ccutil.h; sourceTree = "<group>"; };
		E3A7B5821BA757EE0039A381 /* char_altlist.h */ = {isa = PBXFileReference; fileEncoding = 4; lastKnownFileType = sourcecode.c.h; path = char_altlist.h; sourceTree = "<group>"; };
		E3A7B5831BA757EE0039A381 /* char_bigrams.h */ = {isa = PBXFileReference; fileEncoding = 4; lastKnownFileType = sourcecode.c.h; path = char_bigrams.h; sourceTree = "<group>"; };
		E3A7B5841BA757EE0039A381 /* char_samp.h */ = {isa = PBXFileReference; fileEncoding = 4; lastKnownFileType = sourcecode.c.h; path = char_samp.h; sourceTree = "<group>"; };
		E3A7B5851BA757EE0039A381 /* char_samp_enum.h */ = {isa = PBXFileReference; fileEncoding = 4; lastKnownFileType = sourcecode.c.h; path = char_samp_enum.h; sourceTree = "<group>"; };
		E3A7B5861BA757EE0039A381 /* char_samp_set.h */ = {isa = PBXFileReference; fileEncoding = 4; lastKnownFileType = sourcecode.c.h; path = char_samp_set.h; sourceTree = "<group>"; };
		E3A7B5871BA757EE0039A381 /* char_set.h */ = {isa = PBXFileReference; fileEncoding = 4; lastKnownFileType = sourcecode.c.h; path = char_set.h; sourceTree = "<group>"; };
		E3A7B5881BA757EE0039A381 /* chop.h */ = {isa = PBXFileReference; fileEncoding = 4; lastKnownFileType = sourcecode.c.h; path = chop.h; sourceTree = "<group>"; };
		E3A7B5891BA757EE0039A381 /* chopper.h */ = {isa = PBXFileReference; fileEncoding = 4; lastKnownFileType = sourcecode.c.h; path = chopper.h; sourceTree = "<group>"; };
		E3A7B58A1BA757EE0039A381 /* cjkpitch.h */ = {isa = PBXFileReference; fileEncoding = 4; lastKnownFileType = sourcecode.c.h; path = cjkpitch.h; sourceTree = "<group>"; };
		E3A7B58B1BA757EE0039A381 /* classifier_base.h */ = {isa = PBXFileReference; fileEncoding = 4; lastKnownFileType = sourcecode.c.h; path = classifier_base.h; sourceTree = "<group>"; };
		E3A7B58C1BA757EE0039A381 /* classifier_factory.h */ = {isa = PBXFileReference; fileEncoding = 4; lastKnownFileType = sourcecode.c.h; path = classifier_factory.h; sourceTree = "<group>"; };
		E3A7B58D1BA757EE0039A381 /* classify.h */ = {isa = PBXFileReference; fileEncoding = 4; lastKnownFileType = sourcecode.c.h; path = classify.h; sourceTree = "<group>"; };
		E3A7B58E1BA757EE0039A381 /* clst.h */ = {isa = PBXFileReference; fileEncoding = 4; lastKnownFileType = sourcecode.c.h; path = clst.h; sourceTree = "<group>"; };
		E3A7B58F1BA757EE0039A381 /* cluster.h */ = {isa = PBXFileReference; fileEncoding = 4; lastKnownFileType = sourcecode.c.h; path = cluster.h; sourceTree = "<group>"; };
		E3A7B5901BA757EE0039A381 /* clusttool.h */ = {isa = PBXFileReference; fileEncoding = 4; lastKnownFileType = sourcecode.c.h; path = clusttool.h; sourceTree = "<group>"; };
		E3A7B5911BA757EE0039A381 /* colfind.h */ = {isa = PBXFileReference; fileEncoding = 4; lastKnownFileType = sourcecode.c.h; path = colfind.h; sourceTree = "<group>"; };
		E3A7B5921BA757EE0039A381 /* colpartition.h */ = {isa = PBXFileReference; fileEncoding = 4; lastKnownFileType = sourcecode.c.h; path = colpartition.h; sourceTree = "<group>"; };
		E3A7B5931BA757EE0039A381 /* colpartitiongrid.h */ = {isa = PBXFileReference; fileEncoding = 4; lastKnownFileType = sourcecode.c.h; path = colpartitiongrid.h; sourceTree = "<group>"; };
		E3A7B5941BA757EE0039A381 /* colpartitionset.h */ = {isa = PBXFileReference; fileEncoding = 4; lastKnownFileType = sourcecode.c.h; path = colpartitionset.h; sourceTree = "<group>"; };
		E3A7B5951BA757EE0039A381 /* commandlineflags.h */ = {isa = PBXFileReference; fileEncoding = 4; lastKnownFileType = sourcecode.c.h; path = commandlineflags.h; sourceTree = "<group>"; };
		E3A7B5961BA757EE0039A381 /* commontraining.h */ = {isa = PBXFileReference; fileEncoding = 4; lastKnownFileType = sourcecode.c.h; path = commontraining.h; sourceTree = "<group>"; };
		E3A7B5971BA757EE0039A381 /* con_comp.h */ = {isa = PBXFileReference; fileEncoding = 4; lastKnownFileType = sourcecode.c.h; path = con_comp.h; sourceTree = "<group>"; };
		E3A7B5981BA757EE0039A381 /* config_auto.h */ = {isa = PBXFileReference; fileEncoding = 4; lastKnownFileType = sourcecode.c.h; path = config_auto.h; sourceTree = "<group>"; };
		E3A7B5991BA757EE0039A381 /* const.h */ = {isa = PBXFileReference; fileEncoding = 4; lastKnownFileType = sourcecode.c.h; path = const.h; sourceTree = "<group>"; };
		E3A7B59A1BA757EE0039A381 /* control.h */ = {isa = PBXFileReference; fileEncoding = 4; lastKnownFileType = sourcecode.c.h; path = control.h; sourceTree = "<group>"; };
		E3A7B59B1BA757EE0039A381 /* conv_net_classifier.h */ = {isa = PBXFileReference; fileEncoding = 4; lastKnownFileType = sourcecode.c.h; path = conv_net_classifier.h; sourceTree = "<group>"; };
		E3A7B59C1BA757EE0039A381 /* coutln.h */ = {isa = PBXFileReference; fileEncoding = 4; lastKnownFileType = sourcecode.c.h; path = coutln.h; sourceTree = "<group>"; };
		E3A7B59D1BA757EE0039A381 /* crakedge.h */ = {isa = PBXFileReference; fileEncoding = 4; lastKnownFileType = sourcecode.c.h; path = crakedge.h; sourceTree = "<group>"; };
		E3A7B59E1BA757EE0039A381 /* cube_const.h */ = {isa = PBXFileReference; fileEncoding = 4; lastKnownFileType = sourcecode.c.h; path = cube_const.h; sourceTree = "<group>"; };
		E3A7B59F1BA757EE0039A381 /* cube_line_object.h */ = {isa = PBXFileReference; fileEncoding = 4; lastKnownFileType = sourcecode.c.h; path = cube_line_object.h; sourceTree = "<group>"; };
		E3A7B5A01BA757EE0039A381 /* cube_line_segmenter.h */ = {isa = PBXFileReference; fileEncoding = 4; lastKnownFileType = sourcecode.c.h; path = cube_line_segmenter.h; sourceTree = "<group>"; };
		E3A7B5A11BA757EE0039A381 /* cube_object.h */ = {isa = PBXFileReference; fileEncoding = 4; lastKnownFileType = sourcecode.c.h; path = cube_object.h; sourceTree = "<group>"; };
		E3A7B5A21BA757EE0039A381 /* cube_reco_context.h */ = {isa = PBXFileReference; fileEncoding = 4; lastKnownFileType = sourcecode.c.h; path = cube_reco_context.h; sourceTree = "<group>"; };
		E3A7B5A31BA757EE0039A381 /* cube_search_object.h */ = {isa = PBXFileReference; fileEncoding = 4; lastKnownFileType = sourcecode.c.h; path = cube_search_object.h; sourceTree = "<group>"; };
		E3A7B5A41BA757EE0039A381 /* cube_tuning_params.h */ = {isa = PBXFileReference; fileEncoding = 4; lastKnownFileType = sourcecode.c.h; path = cube_tuning_params.h; sourceTree = "<group>"; };
		E3A7B5A51BA757EE0039A381 /* cube_utils.h */ = {isa = PBXFileReference; fileEncoding = 4; lastKnownFileType = sourcecode.c.h; path = cube_utils.h; sourceTree = "<group>"; };
		E3A7B5A61BA757EE0039A381 /* cubeclassifier.h */ = {isa = PBXFileReference; fileEncoding = 4; lastKnownFileType = sourcecode.c.h; path = cubeclassifier.h; sourceTree = "<group>"; };
		E3A7B5A71BA757EE0039A381 /* cutil.h */ = {isa = PBXFileReference; fileEncoding = 4; lastKnownFileType = sourcecode.c.h; path = cutil.h; sourceTree = "<group>"; };
		E3A7B5A81BA757EE0039A381 /* cutil_class.h */ = {isa = PBXFileReference; fileEncoding = 4; lastKnownFileType = sourcecode.c.h; path = cutil_class.h; sourceTree = "<group>"; };
		E3A7B5A91BA757EE0039A381 /* cutoffs.h */ = {isa = PBXFileReference; fileEncoding = 4; lastKnownFileType = sourcecode.c.h; path = cutoffs.h; sourceTree = "<group>"; };
		E3A7B5AA1BA757EE0039A381 /* danerror.h */ = {isa = PBXFileReference; fileEncoding = 4; lastKnownFileType = sourcecode.c.h; path = danerror.h; sourceTree = "<group>"; };
		E3A7B5AB1BA757EE0039A381 /* dawg.h */ = {isa = PBXFileReference; fileEncoding = 4; lastKnownFileType = sourcecode.c.h; path = dawg.h; sourceTree = "<group>"; };
		E3A7B5AC1BA757EE0039A381 /* dawg_cache.h */ = {isa = PBXFileReference; fileEncoding = 4; lastKnownFileType = sourcecode.c.h; path = dawg_cache.h; sourceTree = "<group>"; };
		E3A7B5AD1BA757EE0039A381 /* degradeimage.h */ = {isa = PBXFileReference; fileEncoding = 4; lastKnownFileType = sourcecode.c.h; path = degradeimage.h; sourceTree = "<group>"; };
		E3A7B5AE1BA757EE0039A381 /* detlinefit.h */ = {isa = PBXFileReference; fileEncoding = 4; lastKnownFileType = sourcecode.c.h; path = detlinefit.h; sourceTree = "<group>"; };
		E3A7B5AF1BA757EE0039A381 /* devanagari_processing.h */ = {isa = PBXFileReference; fileEncoding = 4; lastKnownFileType = sourcecode.c.h; path = devanagari_processing.h; sourceTree = "<group>"; };
		E3A7B5B01BA757EE0039A381 /* dict.h */ = {isa = PBXFileReference; fileEncoding = 4; lastKnownFileType = sourcecode.c.h; path = dict.h; sourceTree = "<group>"; };
		E3A7B5B11BA757EE0039A381 /* docqual.h */ = {isa = PBXFileReference; fileEncoding = 4; lastKnownFileType = sourcecode.c.h; path = docqual.h; sourceTree = "<group>"; };
		E3A7B5B21BA757EE0039A381 /* doubleptr.h */ = {isa = PBXFileReference; fileEncoding = 4; lastKnownFileType = sourcecode.c.h; path = doubleptr.h; sourceTree = "<group>"; };
		E3A7B5B31BA757EE0039A381 /* dppoint.h */ = {isa = PBXFileReference; fileEncoding = 4; lastKnownFileType = sourcecode.c.h; path = dppoint.h; sourceTree = "<group>"; };
		E3A7B5B41BA757EE0039A381 /* drawedg.h */ = {isa = PBXFileReference; fileEncoding = 4; lastKnownFileType = sourcecode.c.h; path = drawedg.h; sourceTree = "<group>"; };
		E3A7B5B51BA757EE0039A381 /* drawfx.h */ = {isa = PBXFileReference; fileEncoding = 4; lastKnownFileType = sourcecode.c.h; path = drawfx.h; sourceTree = "<group>"; };
		E3A7B5B61BA757EE0039A381 /* drawtord.h */ = {isa = PBXFileReference; fileEncoding = 4; lastKnownFileType = sourcecode.c.h; path = drawtord.h; sourceTree = "<group>"; };
		E3A7B5B71BA757EE0039A381 /* edgblob.h */ = {isa = PBXFileReference; fileEncoding = 4; lastKnownFileType = sourcecode.c.h; path = edgblob.h; sourceTree = "<group>"; };
		E3A7B5B81BA757EE0039A381 /* edgloop.h */ = {isa = PBXFileReference; fileEncoding = 4; lastKnownFileType = sourcecode.c.h; path = edgloop.h; sourceTree = "<group>"; };
		E3A7B5B91BA757EE0039A381 /* efio.h */ = {isa = PBXFileReference; fileEncoding = 4; lastKnownFileType = sourcecode.c.h; path = efio.h; sourceTree = "<group>"; };
		E3A7B5BA1BA757EE0039A381 /* elst.h */ = {isa = PBXFileReference; fileEncoding = 4; lastKnownFileType = sourcecode.c.h; path = elst.h; sourceTree = "<group>"; };
		E3A7B5BB1BA757EE0039A381 /* elst2.h */ = {isa = PBXFileReference; fileEncoding = 4; lastKnownFileType = sourcecode.c.h; path = elst2.h; sourceTree = "<group>"; };
		E3A7B5BC1BA757EE0039A381 /* emalloc.h */ = {isa = PBXFileReference; fileEncoding = 4; lastKnownFileType = sourcecode.c.h; path = emalloc.h; sourceTree = "<group>"; };
		E3A7B5BD1BA757EE0039A381 /* equationdetect.h */ = {isa = PBXFileReference; fileEncoding = 4; lastKnownFileType = sourcecode.c.h; path = equationdetect.h; sourceTree = "<group>"; };
		E3A7B5BE1BA757EE0039A381 /* equationdetectbase.h */ = {isa = PBXFileReference; fileEncoding = 4; lastKnownFileType = sourcecode.c.h; path = equationdetectbase.h; sourceTree = "<group>"; };
		E3A7B5BF1BA757EE0039A381 /* errcode.h */ = {isa = PBXFileReference; fileEncoding = 4; lastKnownFileType = sourcecode.c.h; path = errcode.h; sourceTree = "<group>"; };
		E3A7B5C01BA757EE0039A381 /* errorcounter.h */ = {isa = PBXFileReference; fileEncoding = 4; lastKnownFileType = sourcecode.c.h; path = errorcounter.h; sourceTree = "<group>"; };
		E3A7B5C11BA757EE0039A381 /* extern.h */ = {isa = PBXFileReference; fileEncoding = 4; lastKnownFileType = sourcecode.c.h; path = extern.h; sourceTree = "<group>"; };
		E3A7B5C21BA757EE0039A381 /* extract.h */ = {isa = PBXFileReference; fileEncoding = 4; lastKnownFileType = sourcecode.c.h; path = extract.h; sourceTree = "<group>"; };
		E3A7B5C31BA757EE0039A381 /* featdefs.h */ = {isa = PBXFileReference; fileEncoding = 4; lastKnownFileType = sourcecode.c.h; path = featdefs.h; sourceTree = "<group>"; };
		E3A7B5C41BA757EE0039A381 /* feature_base.h */ = {isa = PBXFileReference; fileEncoding = 4; lastKnownFileType = sourcecode.c.h; path = feature_base.h; sourceTree = "<group>"; };
		E3A7B5C51BA757EE0039A381 /* feature_bmp.h */ = {isa = PBXFileReference; fileEncoding = 4; lastKnownFileType = sourcecode.c.h; path = feature_bmp.h; sourceTree = "<group>"; };
		E3A7B5C61BA757EE0039A381 /* feature_chebyshev.h */ = {isa = PBXFileReference; fileEncoding = 4; lastKnownFileType = sourcecode.c.h; path = feature_chebyshev.h; sourceTree = "<group>"; };
		E3A7B5C71BA757EE0039A381 /* feature_hybrid.h */ = {isa = PBXFileReference; fileEncoding = 4; lastKnownFileType = sourcecode.c.h; path = feature_hybrid.h; sourceTree = "<group>"; };
		E3A7B5C81BA757EE0039A381 /* fileerr.h */ = {isa = PBXFileReference; fileEncoding = 4; lastKnownFileType = sourcecode.c.h; path = fileerr.h; sourceTree = "<group>"; };
		E3A7B5C91BA757EE0039A381 /* fileio.h */ = {isa = PBXFileReference; fileEncoding = 4; lastKnownFileType = sourcecode.c.h; path = fileio.h; sourceTree = "<group>"; };
		E3A7B5CA1BA757EE0039A381 /* findseam.h */ = {isa = PBXFileReference; fileEncoding = 4; lastKnownFileType = sourcecode.c.h; path = findseam.h; sourceTree = "<group>"; };
		E3A7B5CB1BA757EE0039A381 /* fixspace.h */ = {isa = PBXFileReference; fileEncoding = 4; lastKnownFileType = sourcecode.c.h; path = fixspace.h; sourceTree = "<group>"; };
		E3A7B5CC1BA757EE0039A381 /* flexfx.h */ = {isa = PBXFileReference; fileEncoding = 4; lastKnownFileType = sourcecode.c.h; path = flexfx.h; sourceTree = "<group>"; };
		E3A7B5CD1BA757EE0039A381 /* float2int.h */ = {isa = PBXFileReference; fileEncoding = 4; lastKnownFileType = sourcecode.c.h; path = float2int.h; sourceTree = "<group>"; };
		E3A7B5CE1BA757EE0039A381 /* fontinfo.h */ = {isa = PBXFileReference; fileEncoding = 4; lastKnownFileType = sourcecode.c.h; path = fontinfo.h; sourceTree = "<group>"; };
		E3A7B5CF1BA757EE0039A381 /* fpchop.h */ = {isa = PBXFileReference; fileEncoding = 4; lastKnownFileType = sourcecode.c.h; path = fpchop.h; sourceTree = "<group>"; };
		E3A7B5D01BA757EE0039A381 /* fpoint.h */ = {isa = PBXFileReference; fileEncoding = 4; lastKnownFileType = sourcecode.c.h; path = fpoint.h; sourceTree = "<group>"; };
		E3A7B5D11BA757EE0039A381 /* freelist.h */ = {isa = PBXFileReference; fileEncoding = 4; lastKnownFileType = sourcecode.c.h; path = freelist.h; sourceTree = "<group>"; };
		E3A7B5D21BA757EE0039A381 /* fxdefs.h */ = {isa = PBXFileReference; fileEncoding = 4; lastKnownFileType = sourcecode.c.h; path = fxdefs.h; sourceTree = "<group>"; };
		E3A7B5D31BA757EE0039A381 /* gap_map.h */ = {isa = PBXFileReference; fileEncoding = 4; lastKnownFileType = sourcecode.c.h; path = gap_map.h; sourceTree = "<group>"; };
		E3A7B5D41BA757EE0039A381 /* genblob.h */ = {isa = PBXFileReference; fileEncoding = 4; lastKnownFileType = sourcecode.c.h; path = genblob.h; sourceTree = "<group>"; };
		E3A7B5D51BA757EE0039A381 /* genericheap.h */ = {isa = PBXFileReference; fileEncoding = 4; lastKnownFileType = sourcecode.c.h; path = genericheap.h; sourceTree = "<group>"; };
		E3A7B5D61BA757EE0039A381 /* genericvector.h */ = {isa = PBXFileReference; fileEncoding = 4; lastKnownFileType = sourcecode.c.h; path = genericvector.h; sourceTree = "<group>"; };
		E3A7B5D71BA757EE0039A381 /* gettimeofday.h */ = {isa = PBXFileReference; fileEncoding = 4; lastKnownFileType = sourcecode.c.h; path = gettimeofday.h; sourceTree = "<group>"; };
		E3A7B5D81BA757EE0039A381 /* globaloc.h */ = {isa = PBXFileReference; fileEncoding = 4; lastKnownFileType = sourcecode.c.h; path = globaloc.h; sourceTree = "<group>"; };
		E3A7B5D91BA757EE0039A381 /* globals.h */ = {isa = PBXFileReference; fileEncoding = 4; lastKnownFileType = sourcecode.c.h; path = globals.h; sourceTree = "<group>"; };
		E3A7B5DA1BA757EE0039A381 /* gradechop.h */ = {isa = PBXFileReference; fileEncoding = 4; lastKnownFileType = sourcecode.c.h; path = gradechop.h; sourceTree = "<group>"; };
		E3A7B5DB1BA757EE0039A381 /* hashfn.h */ = {isa = PBXFileReference; fileEncoding = 4; lastKnownFileType = sourcecode.c.h; path = hashfn.h; sourceTree = "<group>"; };
		E3A7B5DC1BA757EE0039A381 /* helpers.h */ = {isa = PBXFileReference; fileEncoding = 4; lastKnownFileType = sourcecode.c.h; path = helpers.h; sourceTree = "<group>"; };
		E3A7B5DD1BA757EE0039A381 /* host.h */ = {isa = PBXFileReference; fileEncoding = 4; lastKnownFileType = sourcecode.c.h; path = host.h; sourceTree = "<group>"; };
		E3A7B5DE1BA757EE0039A381 /* hpdsizes.h */ = {isa = PBXFileReference; fileEncoding = 4; lastKnownFileType = sourcecode.c.h; path = hpdsizes.h; sourceTree = "<group>"; };
		E3A7B5DF1BA757EE0039A381 /* hybrid_neural_net_classifier.h */ = {isa = PBXFileReference; fileEncoding = 4; lastKnownFileType = sourcecode.c.h; path = hybrid_neural_net_classifier.h; sourceTree = "<group>"; };
		E3A7B5E01BA757EE0039A381 /* icuerrorcode.h */ = {isa = PBXFileReference; fileEncoding = 4; lastKnownFileType = sourcecode.c.h; path = icuerrorcode.h; sourceTree = "<group>"; };
		E3A7B5E11BA757EE0039A381 /* imagefind.h */ = {isa = PBXFileReference; fileEncoding = 4; lastKnownFileType = sourcecode.c.h; path = imagefind.h; sourceTree = "<group>"; };
		E3A7B5E21BA757EE0039A381 /* indexmapbidi.h */ = {isa = PBXFileReference; fileEncoding = 4; lastKnownFileType = sourcecode.c.h; path = indexmapbidi.h; sourceTree = "<group>"; };
		E3A7B5E31BA757EE0039A381 /* input_file_buffer.h */ = {isa = PBXFileReference; fileEncoding = 4; lastKnownFileType = sourcecode.c.h; path = input_file_buffer.h; sourceTree = "<group>"; };
		E3A7B5E41BA757EE0039A381 /* intfeaturedist.h */ = {isa = PBXFileReference; fileEncoding = 4; lastKnownFileType = sourcecode.c.h; path = intfeaturedist.h; sourceTree = "<group>"; };
		E3A7B5E51BA757EE0039A381 /* intfeaturemap.h */ = {isa = PBXFileReference; fileEncoding = 4; lastKnownFileType = sourcecode.c.h; path = intfeaturemap.h; sourceTree = "<group>"; };
		E3A7B5E61BA757EE0039A381 /* intfeaturespace.h */ = {isa = PBXFileReference; fileEncoding = 4; lastKnownFileType = sourcecode.c.h; path = intfeaturespace.h; sourceTree = "<group>"; };
		E3A7B5E71BA757EE0039A381 /* intfx.h */ = {isa = PBXFileReference; fileEncoding = 4; lastKnownFileType = sourcecode.c.h; path = intfx.h; sourceTree = "<group>"; };
		E3A7B5E81BA757EE0039A381 /* intmatcher.h */ = {isa = PBXFileReference; fileEncoding = 4; lastKnownFileType = sourcecode.c.h; path = intmatcher.h; sourceTree = "<group>"; };
		E3A7B5E91BA757EE0039A381 /* intproto.h */ = {isa = PBXFileReference; fileEncoding = 4; lastKnownFileType = sourcecode.c.h; path = intproto.h; sourceTree = "<group>"; };
		E3A7B5EA1BA757EE0039A381 /* ipoints.h */ = {isa = PBXFileReference; fileEncoding = 4; lastKnownFileType = sourcecode.c.h; path = ipoints.h; sourceTree = "<group>"; };
		E3A7B5EB1BA757EE0039A381 /* kdpair.h */ = {isa = PBXFileReference; fileEncoding = 4; lastKnownFileType = sourcecode.c.h; path = kdpair.h; sourceTree = "<group>"; };
		E3A7B5EC1BA757EE0039A381 /* kdtree.h */ = {isa = PBXFileReference; fileEncoding = 4; lastKnownFileType = sourcecode.c.h; path = kdtree.h; sourceTree = "<group>"; };
		E3A7B5ED1BA757EE0039A381 /* lang_mod_edge.h */ = {isa = PBXFileReference; fileEncoding = 4; lastKnownFileType = sourcecode.c.h; path = lang_mod_edge.h; sourceTree = "<group>"; };
		E3A7B5EE1BA757EE0039A381 /* lang_model.h */ = {isa = PBXFileReference; fileEncoding = 4; lastKnownFileType = sourcecode.c.h; path = lang_model.h; sourceTree = "<group>"; };
		E3A7B5EF1BA757EE0039A381 /* language_model.h */ = {isa = PBXFileReference; fileEncoding = 4; lastKnownFileType = sourcecode.c.h; path = language_model.h; sourceTree = "<group>"; };
		E3A7B5F01BA757EE0039A381 /* ligature_table.h */ = {isa = PBXFileReference; fileEncoding = 4; lastKnownFileType = sourcecode.c.h; path = ligature_table.h; sourceTree = "<group>"; };
		E3A7B5F11BA757EE0039A381 /* linefind.h */ = {isa = PBXFileReference; fileEncoding = 4; lastKnownFileType = sourcecode.c.h; path = linefind.h; sourceTree = "<group>"; };
		E3A7B5F21BA757EE0039A381 /* linlsq.h */ = {isa = PBXFileReference; fileEncoding = 4; lastKnownFileType = sourcecode.c.h; path = linlsq.h; sourceTree = "<group>"; };
		E3A7B5F31BA757EE0039A381 /* listio.h */ = {isa = PBXFileReference; fileEncoding = 4; lastKnownFileType = sourcecode.c.h; path = listio.h; sourceTree = "<group>"; };
		E3A7B5F41BA757EE0039A381 /* lm_consistency.h */ = {isa = PBXFileReference; fileEncoding = 4; lastKnownFileType = sourcecode.c.h; path = lm_consistency.h; sourceTree = "<group>"; };
		E3A7B5F51BA757EE0039A381 /* lm_pain_points.h */ = {isa = PBXFileReference; fileEncoding = 4; lastKnownFileType = sourcecode.c.h; path = lm_pain_points.h; sourceTree = "<group>"; };
		E3A7B5F61BA757EE0039A381 /* lm_state.h */ = {isa = PBXFileReference; fileEncoding = 4; lastKnownFileType = sourcecode.c.h; path = lm_state.h; sourceTree = "<group>"; };
		E3A7B5F71BA757EE0039A381 /* lsterr.h */ = {isa = PBXFileReference; fileEncoding = 4; lastKnownFileType = sourcecode.c.h; path = lsterr.h; sourceTree = "<group>"; };
		E3A7B5F81BA757EE0039A381 /* ltrresultiterator.h */ = {isa = PBXFileReference; fileEncoding = 4; lastKnownFileType = sourcecode.c.h; path = ltrresultiterator.h; sourceTree = "<group>"; };
		E3A7B5F91BA757EE0039A381 /* makechop.h */ = {isa = PBXFileReference; fileEncoding = 4; lastKnownFileType = sourcecode.c.h; path = makechop.h; sourceTree = "<group>"; };
		E3A7B5FA1BA757EE0039A381 /* makerow.h */ = {isa = PBXFileReference; fileEncoding = 4; lastKnownFileType = sourcecode.c.h; path = makerow.h; sourceTree = "<group>"; };
		E3A7B5FB1BA757EE0039A381 /* mastertrainer.h */ = {isa = PBXFileReference; fileEncoding = 4; lastKnownFileType = sourcecode.c.h; path = mastertrainer.h; sourceTree = "<group>"; };
		E3A7B5FC1BA757EE0039A381 /* matchdefs.h */ = {isa = PBXFileReference; fileEncoding = 4; lastKnownFileType = sourcecode.c.h; path = matchdefs.h; sourceTree = "<group>"; };
		E3A7B5FD1BA757EE0039A381 /* mathfix.h */ = {isa = PBXFileReference; fileEncoding = 4; lastKnownFileType = sourcecode.c.h; path = mathfix.h; sourceTree = "<group>"; };
		E3A7B5FE1BA757EE0039A381 /* matrix.h */ = {isa = PBXFileReference; fileEncoding = 4; lastKnownFileType = sourcecode.c.h; path = matrix.h; sourceTree = "<group>"; };
		E3A7B5FF1BA757EE0039A381 /* measure.h */ = {isa = PBXFileReference; fileEncoding = 4; lastKnownFileType = sourcecode.c.h; path = measure.h; sourceTree = "<group>"; };
		E3A7B6001BA757EE0039A381 /* memry.h */ = {isa = PBXFileReference; fileEncoding = 4; lastKnownFileType = sourcecode.c.h; path = memry.h; sourceTree = "<group>"; };
		E3A7B6011BA757EE0039A381 /* mergenf.h */ = {isa = PBXFileReference; fileEncoding = 4; lastKnownFileType = sourcecode.c.h; path = mergenf.h; sourceTree = "<group>"; };
		E3A7B6021BA757EE0039A381 /* mf.h */ = {isa = PBXFileReference; fileEncoding = 4; lastKnownFileType = sourcecode.c.h; path = mf.h; sourceTree = "<group>"; };
		E3A7B6031BA757EE0039A381 /* mfdefs.h */ = {isa = PBXFileReference; fileEncoding = 4; lastKnownFileType = sourcecode.c.h; path = mfdefs.h; sourceTree = "<group>"; };
		E3A7B6041BA757EE0039A381 /* mfoutline.h */ = {isa = PBXFileReference; fileEncoding = 4; lastKnownFileType = sourcecode.c.h; path = mfoutline.h; sourceTree = "<group>"; };
		E3A7B6051BA757EE0039A381 /* mfx.h */ = {isa = PBXFileReference; fileEncoding = 4; lastKnownFileType = sourcecode.c.h; path = mfx.h; sourceTree = "<group>"; };
		E3A7B6061BA757EE0039A381 /* mod128.h */ = {isa = PBXFileReference; fileEncoding = 4; lastKnownFileType = sourcecode.c.h; path = mod128.h; sourceTree = "<group>"; };
		E3A7B6071BA757EE0039A381 /* mutableiterator.h */ = {isa = PBXFileReference; fileEncoding = 4; lastKnownFileType = sourcecode.c.h; path = mutableiterator.h; sourceTree = "<group>"; };
		E3A7B6081BA757EE0039A381 /* ndminx.h */ = {isa = PBXFileReference; fileEncoding = 4; lastKnownFileType = sourcecode.c.h; path = ndminx.h; sourceTree = "<group>"; };
		E3A7B6091BA757EE0039A381 /* neural_net.h */ = {isa = PBXFileReference; fileEncoding = 4; lastKnownFileType = sourcecode.c.h; path = neural_net.h; sourceTree = "<group>"; };
		E3A7B60A1BA757EE0039A381 /* neuron.h */ = {isa = PBXFileReference; fileEncoding = 4; lastKnownFileType = sourcecode.c.h; path = neuron.h; sourceTree = "<group>"; };
		E3A7B60B1BA757EE0039A381 /* normalis.h */ = {isa = PBXFileReference; fileEncoding = 4; lastKnownFileType = sourcecode.c.h; path = normalis.h; sourceTree = "<group>"; };
		E3A7B60C1BA757EE0039A381 /* normfeat.h */ = {isa = PBXFileReference; fileEncoding = 4; lastKnownFileType = sourcecode.c.h; path = normfeat.h; sourceTree = "<group>"; };
		E3A7B60D1BA757EE0039A381 /* normmatch.h */ = {isa = PBXFileReference; fileEncoding = 4; lastKnownFileType = sourcecode.c.h; path = normmatch.h; sourceTree = "<group>"; };
		E3A7B60E1BA757EE0039A381 /* normstrngs.h */ = {isa = PBXFileReference; fileEncoding = 4; lastKnownFileType = sourcecode.c.h; path = normstrngs.h; sourceTree = "<group>"; };
		E3A7B60F1BA757EE0039A381 /* nwmain.h */ = {isa = PBXFileReference; fileEncoding = 4; lastKnownFileType = sourcecode.c.h; path = nwmain.h; sourceTree = "<group>"; };
		E3A7B6101BA757EE0039A381 /* object_cache.h */ = {isa = PBXFileReference; fileEncoding = 4; lastKnownFileType = sourcecode.c.h; path = object_cache.h; sourceTree = "<group>"; };
		E3A7B6111BA757EE0039A381 /* oclkernels.h */ = {isa = PBXFileReference; fileEncoding = 4; lastKnownFileType = sourcecode.c.h; path = oclkernels.h; sourceTree = "<group>"; };
		E3A7B6121BA757EE0039A381 /* ocrblock.h */ = {isa = PBXFileReference; fileEncoding = 4; lastKnownFileType = sourcecode.c.h; path = ocrblock.h; sourceTree = "<group>"; };
		E3A7B6131BA757EE0039A381 /* ocrclass.h */ = {isa = PBXFileReference; fileEncoding = 4; lastKnownFileType = sourcecode.c.h; path = ocrclass.h; sourceTree = "<group>"; };
		E3A7B6141BA757EE0039A381 /* ocrfeatures.h */ = {isa = PBXFileReference; fileEncoding = 4; lastKnownFileType = sourcecode.c.h; path = ocrfeatures.h; sourceTree = "<group>"; };
		E3A7B6151BA757EE0039A381 /* ocrpara.h */ = {isa = PBXFileReference; fileEncoding = 4; lastKnownFileType = sourcecode.c.h; path = ocrpara.h; sourceTree = "<group>"; };
		E3A7B6161BA757EE0039A381 /* ocrrow.h */ = {isa = PBXFileReference; fileEncoding = 4; lastKnownFileType = sourcecode.c.h; path = ocrrow.h; sourceTree = "<group>"; };
		E3A7B6171BA757EE0039A381 /* oldbasel.h */ = {isa = PBXFileReference; fileEncoding = 4; lastKnownFileType = sourcecode.c.h; path = oldbasel.h; sourceTree = "<group>"; };
		E3A7B6181BA757EE0039A381 /* oldlist.h */ = {isa = PBXFileReference; fileEncoding = 4; lastKnownFileType = sourcecode.c.h; path = oldlist.h; sourceTree = "<group>"; };
		E3A7B6191BA757EE0039A381 /* olutil.h */ = {isa = PBXFileReference; fileEncoding = 4; lastKnownFileType = sourcecode.c.h; path = olutil.h; sourceTree = "<group>"; };
		E3A7B61A1BA757EE0039A381 /* opencl_device_selection.h */ = {isa = PBXFileReference; fileEncoding = 4; lastKnownFileType = sourcecode.c.h; path = opencl_device_selection.h; sourceTree = "<group>"; };
		E3A7B61B1BA757EE0039A381 /* openclwrapper.h */ = {isa = PBXFileReference; fileEncoding = 4; lastKnownFileType = sourcecode.c.h; path = openclwrapper.h; sourceTree = "<group>"; };
		E3A7B61C1BA757EE0039A381 /* osdetect.h */ = {isa = PBXFileReference; fileEncoding = 4; lastKnownFileType = sourcecode.c.h; path = osdetect.h; sourceTree = "<group>"; };
		E3A7B61D1BA757EE0039A381 /* otsuthr.h */ = {isa = PBXFileReference; fileEncoding = 4; lastKnownFileType = sourcecode.c.h; path = otsuthr.h; sourceTree = "<group>"; };
		E3A7B61E1BA757EE0039A381 /* outfeat.h */ = {isa = PBXFileReference; fileEncoding = 4; lastKnownFileType = sourcecode.c.h; path = outfeat.h; sourceTree = "<group>"; };
		E3A7B61F1BA757EE0039A381 /* outlines.h */ = {isa = PBXFileReference; fileEncoding = 4; lastKnownFileType = sourcecode.c.h; path = outlines.h; sourceTree = "<group>"; };
		E3A7B6201BA757EE0039A381 /* output.h */ = {isa = PBXFileReference; fileEncoding = 4; lastKnownFileType = sourcecode.c.h; path = output.h; sourceTree = "<group>"; };
		E3A7B6211BA757EE0039A381 /* pageiterator.h */ = {isa = PBXFileReference; fileEncoding = 4; lastKnownFileType = sourcecode.c.h; path = pageiterator.h; sourceTree = "<group>"; };
		E3A7B6221BA757EE0039A381 /* pageres.h */ = {isa = PBXFileReference; fileEncoding = 4; lastKnownFileType = sourcecode.c.h; path = pageres.h; sourceTree = "<group>"; };
		E3A7B6231BA757EE0039A381 /* pango_font_info.h */ = {isa = PBXFileReference; fileEncoding = 4; lastKnownFileType = sourcecode.c.h; path = pango_font_info.h; sourceTree = "<group>"; };
		E3A7B6241BA757EE0039A381 /* paragraphs.h */ = {isa = PBXFileReference; fileEncoding = 4; lastKnownFileType = sourcecode.c.h; path = paragraphs.h; sourceTree = "<group>"; };
		E3A7B6251BA757EE0039A381 /* paragraphs_internal.h */ = {isa = PBXFileReference; fileEncoding = 4; lastKnownFileType = sourcecode.c.h; path = paragraphs_internal.h; sourceTree = "<group>"; };
		E3A7B6261BA757EE0039A381 /* params.h */ = {isa = PBXFileReference; fileEncoding = 4; lastKnownFileType = sourcecode.c.h; path = params.h; sourceTree = "<group>"; };
		E3A7B6271BA757EE0039A381 /* params_model.h */ = {isa = PBXFileReference; fileEncoding = 4; lastKnownFileType = sourcecode.c.h; path = params_model.h; sourceTree = "<group>"; };
		E3A7B6281BA757EE0039A381 /* params_training_featdef.h */ = {isa = PBXFileReference; fileEncoding = 4; lastKnownFileType = sourcecode.c.h; path = params_training_featdef.h; sourceTree = "<group>"; };
		E3A7B6291BA757EE0039A381 /* paramsd.h */ = {isa = PBXFileReference; fileEncoding = 4; lastKnownFileType = sourcecode.c.h; path = paramsd.h; sourceTree = "<group>"; };
		E3A7B62A1BA757EF0039A381 /* pdblock.h */ = {isa = PBXFileReference; fileEncoding = 4; lastKnownFileType = sourcecode.c.h; path = pdblock.h; sourceTree = "<group>"; };
		E3A7B62B1BA757EF0039A381 /* pgedit.h */ = {isa = PBXFileReference; fileEncoding = 4; lastKnownFileType = sourcecode.c.h; path = pgedit.h; sourceTree = "<group>"; };
		E3A7B62C1BA757EF0039A381 /* picofeat.h */ = {isa = PBXFileReference; fileEncoding = 4; lastKnownFileType = sourcecode.c.h; path = picofeat.h; sourceTree = "<group>"; };
		E3A7B62D1BA757EF0039A381 /* pithsync.h */ = {isa = PBXFileReference; fileEncoding = 4; lastKnownFileType = sourcecode.c.h; path = pithsync.h; sourceTree = "<group>"; };
		E3A7B62E1BA757EF0039A381 /* pitsync1.h */ = {isa = PBXFileReference; fileEncoding = 4; lastKnownFileType = sourcecode.c.h; path = pitsync1.h; sourceTree = "<group>"; };
		E3A7B62F1BA757EF0039A381 /* platform.h */ = {isa = PBXFileReference; fileEncoding = 4; lastKnownFileType = sourcecode.c.h; path = platform.h; sourceTree = "<group>"; };
		E3A7B6301BA757EF0039A381 /* plotedges.h */ = {isa = PBXFileReference; fileEncoding = 4; lastKnownFileType = sourcecode.c.h; path = plotedges.h; sourceTree = "<group>"; };
		E3A7B6311BA757EF0039A381 /* points.h */ = {isa = PBXFileReference; fileEncoding = 4; lastKnownFileType = sourcecode.c.h; path = points.h; sourceTree = "<group>"; };
		E3A7B6321BA757EF0039A381 /* polyaprx.h */ = {isa = PBXFileReference; fileEncoding = 4; lastKnownFileType = sourcecode.c.h; path = polyaprx.h; sourceTree = "<group>"; };
		E3A7B6331BA757EF0039A381 /* polyblk.h */ = {isa = PBXFileReference; fileEncoding = 4; lastKnownFileType = sourcecode.c.h; path = polyblk.h; sourceTree = "<group>"; };
		E3A7B6341BA757EF0039A381 /* protos.h */ = {isa = PBXFileReference; fileEncoding = 4; lastKnownFileType = sourcecode.c.h; path = protos.h; sourceTree = "<group>"; };
		E3A7B6351BA757EF0039A381 /* publictypes.h */ = {isa = PBXFileReference; fileEncoding = 4; lastKnownFileType = sourcecode.c.h; path = publictypes.h; sourceTree = "<group>"; };
		E3A7B6361BA757EF0039A381 /* qrsequence.h */ = {isa = PBXFileReference; fileEncoding = 4; lastKnownFileType = sourcecode.c.h; path = qrsequence.h; sourceTree = "<group>"; };
		E3A7B6371BA757EF0039A381 /* quadlsq.h */ = {isa = PBXFileReference; fileEncoding = 4; lastKnownFileType = sourcecode.c.h; path = quadlsq.h; sourceTree = "<group>"; };
		E3A7B6381BA757EF0039A381 /* quadratc.h */ = {isa = PBXFileReference; fileEncoding = 4; lastKnownFileType = sourcecode.c.h; path = quadratc.h; sourceTree = "<group>"; };
		E3A7B6391BA757EF0039A381 /* quspline.h */ = {isa = PBXFileReference; fileEncoding = 4; lastKnownFileType = sourcecode.c.h; path = quspline.h; sourceTree = "<group>"; };
		E3A7B63A1BA757EF0039A381 /* ratngs.h */ = {isa = PBXFileReference; fileEncoding = 4; lastKnownFileType = sourcecode.c.h; path = ratngs.h; sourceTree = "<group>"; };
		E3A7B63B1BA757EF0039A381 /* rect.h */ = {isa = PBXFileReference; fileEncoding = 4; lastKnownFileType = sourcecode.c.h; path = rect.h; sourceTree = "<group>"; };
		E3A7B63C1BA757EF0039A381 /* rejctmap.h */ = {isa = PBXFileReference; fileEncoding = 4; lastKnownFileType = sourcecode.c.h; path = rejctmap.h; sourceTree = "<group>"; };
		E3A7B63D1BA757EF0039A381 /* reject.h */ = {isa = PBXFileReference; fileEncoding = 4; lastKnownFileType = sourcecode.c.h; path = reject.h; sourceTree = "<group>"; };
		E3A7B63E1BA757EF0039A381 /* render.h */ = {isa = PBXFileReference; fileEncoding = 4; lastKnownFileType = sourcecode.c.h; path = render.h; sourceTree = "<group>"; };
		E3A7B63F1BA757EF0039A381 /* renderer.h */ = {isa = PBXFileReference; fileEncoding = 4; lastKnownFileType = sourcecode.c.h; path = renderer.h; sourceTree = "<group>"; };
		E3A7B6401BA757EF0039A381 /* resource.h */ = {isa = PBXFileReference; fileEncoding = 4; lastKnownFileType = sourcecode.c.h; path = resource.h; sourceTree = "<group>"; };
		E3A7B6411BA757EF0039A381 /* resultiterator.h */ = {isa = PBXFileReference; fileEncoding = 4; lastKnownFileType = sourcecode.c.h; path = resultiterator.h; sourceTree = "<group>"; };
		E3A7B6421BA757EF0039A381 /* sampleiterator.h */ = {isa = PBXFileReference; fileEncoding = 4; lastKnownFileType = sourcecode.c.h; path = sampleiterator.h; sourceTree = "<group>"; };
		E3A7B6431BA757EF0039A381 /* scanedg.h */ = {isa = PBXFileReference; fileEncoding = 4; lastKnownFileType = sourcecode.c.h; path = scanedg.h; sourceTree = "<group>"; };
		E3A7B6441BA757EF0039A381 /* scanutils.h */ = {isa = PBXFileReference; fileEncoding = 4; lastKnownFileType = sourcecode.c.h; path = scanutils.h; sourceTree = "<group>"; };
		E3A7B6451BA757EF0039A381 /* scrollview.h */ = {isa = PBXFileReference; fileEncoding = 4; lastKnownFileType = sourcecode.c.h; path = scrollview.h; sourceTree = "<group>"; };
		E3A7B6461BA757EF0039A381 /* seam.h */ = {isa = PBXFileReference; fileEncoding = 4; lastKnownFileType = sourcecode.c.h; path = seam.h; sourceTree = "<group>"; };
		E3A7B6471BA757EF0039A381 /* search_column.h */ = {isa = PBXFileReference; fileEncoding = 4; lastKnownFileType = sourcecode.c.h; path = search_column.h; sourceTree = "<group>"; };
		E3A7B6481BA757EF0039A381 /* search_node.h */ = {isa = PBXFileReference; fileEncoding = 4; lastKnownFileType = sourcecode.c.h; path = search_node.h; sourceTree = "<group>"; };
		E3A7B6491BA757EF0039A381 /* search_object.h */ = {isa = PBXFileReference; fileEncoding = 4; lastKnownFileType = sourcecode.c.h; path = search_object.h; sourceTree = "<group>"; };
		E3A7B64A1BA757EF0039A381 /* secname.h */ = {isa = PBXFileReference; fileEncoding = 4; lastKnownFileType = sourcecode.c.h; path = secname.h; sourceTree = "<group>"; };
		E3A7B64B1BA757EF0039A381 /* serialis.h */ = {isa = PBXFileReference; fileEncoding = 4; lastKnownFileType = sourcecode.c.h; path = serialis.h; sourceTree = "<group>"; };
		E3A7B64C1BA757EF0039A381 /* shapeclassifier.h */ = {isa = PBXFileReference; fileEncoding = 4; lastKnownFileType = sourcecode.c.h; path = shapeclassifier.h; sourceTree = "<group>"; };
		E3A7B64D1BA757EF0039A381 /* shapetable.h */ = {isa = PBXFileReference; fileEncoding = 4; lastKnownFileType = sourcecode.c.h; path = shapetable.h; sourceTree = "<group>"; };
		E3A7B64E1BA757EF0039A381 /* sortflts.h */ = {isa = PBXFileReference; fileEncoding = 4; lastKnownFileType = sourcecode.c.h; path = sortflts.h; sourceTree = "<group>"; };
		E3A7B64F1BA757EF0039A381 /* sorthelper.h */ = {isa = PBXFileReference; fileEncoding = 4; lastKnownFileType = sourcecode.c.h; path = sorthelper.h; sourceTree = "<group>"; };
		E3A7B6501BA757EF0039A381 /* split.h */ = {isa = PBXFileReference; fileEncoding = 4; lastKnownFileType = sourcecode.c.h; path = split.h; sourceTree = "<group>"; };
		E3A7B6511BA757EF0039A381 /* statistc.h */ = {isa = PBXFileReference; fileEncoding = 4; lastKnownFileType = sourcecode.c.h; path = statistc.h; sourceTree = "<group>"; };
		E3A7B6521BA757EF0039A381 /* stderr.h */ = {isa = PBXFileReference; fileEncoding = 4; lastKnownFileType = sourcecode.c.h; path = stderr.h; sourceTree = "<group>"; };
		E3A7B6531BA757EF0039A381 /* stepblob.h */ = {isa = PBXFileReference; fileEncoding = 4; lastKnownFileType = sourcecode.c.h; path = stepblob.h; sourceTree = "<group>"; };
		E3A7B6541BA757EF0039A381 /* stopper.h */ = {isa = PBXFileReference; fileEncoding = 4; lastKnownFileType = sourcecode.c.h; path = stopper.h; sourceTree = "<group>"; };
		E3A7B6551BA757EF0039A381 /* strcasestr.h */ = {isa = PBXFileReference; fileEncoding = 4; lastKnownFileType = sourcecode.c.h; path = strcasestr.h; sourceTree = "<group>"; };
		E3A7B6561BA757EF0039A381 /* string_32.h */ = {isa = PBXFileReference; fileEncoding = 4; lastKnownFileType = sourcecode.c.h; path = string_32.h; sourceTree = "<group>"; };
		E3A7B6571BA757EF0039A381 /* stringrenderer.h */ = {isa = PBXFileReference; fileEncoding = 4; lastKnownFileType = sourcecode.c.h; path = stringrenderer.h; sourceTree = "<group>"; };
		E3A7B6581BA757EF0039A381 /* strngs.h */ = {isa = PBXFileReference; fileEncoding = 4; lastKnownFileType = sourcecode.c.h; path = strngs.h; sourceTree = "<group>"; };
		E3A7B6591BA757EF0039A381 /* strokewidth.h */ = {isa = PBXFileReference; fileEncoding = 4; lastKnownFileType = sourcecode.c.h; path = strokewidth.h; sourceTree = "<group>"; };
		E3A7B65A1BA757EF0039A381 /* strtok_r.h */ = {isa = PBXFileReference; fileEncoding = 4; lastKnownFileType = sourcecode.c.h; path = strtok_r.h; sourceTree = "<group>"; };
		E3A7B65B1BA757EF0039A381 /* structures.h */ = {isa = PBXFileReference; fileEncoding = 4; lastKnownFileType = sourcecode.c.h; path = structures.h; sourceTree = "<group>"; };
		E3A7B65C1BA757EF0039A381 /* svmnode.h */ = {isa = PBXFileReference; fileEncoding = 4; lastKnownFileType = sourcecode.c.h; path = svmnode.h; sourceTree = "<group>"; };
		E3A7B65D1BA757EF0039A381 /* svutil.h */ = {isa = PBXFileReference; fileEncoding = 4; lastKnownFileType = sourcecode.c.h; path = svutil.h; sourceTree = "<group>"; };
		E3A7B65E1BA757EF0039A381 /* tabfind.h */ = {isa = PBXFileReference; fileEncoding = 4; lastKnownFileType = sourcecode.c.h; path = tabfind.h; sourceTree = "<group>"; };
		E3A7B65F1BA757EF0039A381 /* tablefind.h */ = {isa = PBXFileReference; fileEncoding = 4; lastKnownFileType = sourcecode.c.h; path = tablefind.h; sourceTree = "<group>"; };
		E3A7B6601BA757EF0039A381 /* tablerecog.h */ = {isa = PBXFileReference; fileEncoding = 4; lastKnownFileType = sourcecode.c.h; path = tablerecog.h; sourceTree = "<group>"; };
		E3A7B6611BA757EF0039A381 /* tabvector.h */ = {isa = PBXFileReference; fileEncoding = 4; lastKnownFileType = sourcecode.c.h; path = tabvector.h; sourceTree = "<group>"; };
		E3A7B6621BA757EF0039A381 /* tess_lang_mod_edge.h */ = {isa = PBXFileReference; fileEncoding = 4; lastKnownFileType = sourcecode.c.h; path = tess_lang_mod_edge.h; sourceTree = "<group>"; };
		E3A7B6631BA757EF0039A381 /* tess_lang_model.h */ = {isa = PBXFileReference; fileEncoding = 4; lastKnownFileType = sourcecode.c.h; path = tess_lang_model.h; sourceTree = "<group>"; };
		E3A7B6641BA757EF0039A381 /* tessbox.h */ = {isa = PBXFileReference; fileEncoding = 4; lastKnownFileType = sourcecode.c.h; path = tessbox.h; sourceTree = "<group>"; };
		E3A7B6651BA757EF0039A381 /* tesscallback.h */ = {isa = PBXFileReference; fileEncoding = 4; lastKnownFileType = sourcecode.c.h; path = tesscallback.h; sourceTree = "<group>"; };
		E3A7B6661BA757EF0039A381 /* tessclassifier.h */ = {isa = PBXFileReference; fileEncoding = 4; lastKnownFileType = sourcecode.c.h; path = tessclassifier.h; sourceTree = "<group>"; };
		E3A7B6671BA757EF0039A381 /* tessdatamanager.h */ = {isa = PBXFileReference; fileEncoding = 4; lastKnownFileType = sourcecode.c.h; path = tessdatamanager.h; sourceTree = "<group>"; };
		E3A7B6681BA757EF0039A381 /* tessedit.h */ = {isa = PBXFileReference; fileEncoding = 4; lastKnownFileType = sourcecode.c.h; path = tessedit.h; sourceTree = "<group>"; };
		E3A7B6691BA757EF0039A381 /* tesseract_cube_combiner.h */ = {isa = PBXFileReference; fileEncoding = 4; lastKnownFileType = sourcecode.c.h; path = tesseract_cube_combiner.h; sourceTree = "<group>"; };
		E3A7B66A1BA757EF0039A381 /* tesseractclass.h */ = {isa = PBXFileReference; fileEncoding = 4; lastKnownFileType = sourcecode.c.h; path = tesseractclass.h; sourceTree = "<group>"; };
		E3A7B66B1BA757EF0039A381 /* tessopt.h */ = {isa = PBXFileReference; fileEncoding = 4; lastKnownFileType = sourcecode.c.h; path = tessopt.h; sourceTree = "<group>"; };
		E3A7B66C1BA757EF0039A381 /* tessvars.h */ = {isa = PBXFileReference; fileEncoding = 4; lastKnownFileType = sourcecode.c.h; path = tessvars.h; sourceTree = "<group>"; };
		E3A7B66D1BA757EF0039A381 /* textlineprojection.h */ = {isa = PBXFileReference; fileEncoding = 4; lastKnownFileType = sourcecode.c.h; path = textlineprojection.h; sourceTree = "<group>"; };
		E3A7B66E1BA757EF0039A381 /* textord.h */ = {isa = PBXFileReference; fileEncoding = 4; lastKnownFileType = sourcecode.c.h; path = textord.h; sourceTree = "<group>"; };
		E3A7B66F1BA757EF0039A381 /* thresholder.h */ = {isa = PBXFileReference; fileEncoding = 4; lastKnownFileType = sourcecode.c.h; path = thresholder.h; sourceTree = "<group>"; };
		E3A7B6701BA757EF0039A381 /* tlog.h */ = {isa = PBXFileReference; fileEncoding = 4; lastKnownFileType = sourcecode.c.h; path = tlog.h; sourceTree = "<group>"; };
		E3A7B6711BA757EF0039A381 /* topitch.h */ = {isa = PBXFileReference; fileEncoding = 4; lastKnownFileType = sourcecode.c.h; path = topitch.h; sourceTree = "<group>"; };
		E3A7B6721BA757EF0039A381 /* tordmain.h */ = {isa = PBXFileReference; fileEncoding = 4; lastKnownFileType = sourcecode.c.h; path = tordmain.h; sourceTree = "<group>"; };
		E3A7B6731BA757EF0039A381 /* tovars.h */ = {isa = PBXFileReference; fileEncoding = 4; lastKnownFileType = sourcecode.c.h; path = tovars.h; sourceTree = "<group>"; };
		E3A7B6741BA757EF0039A381 /* tprintf.h */ = {isa = PBXFileReference; fileEncoding = 4; lastKnownFileType = sourcecode.c.h; path = tprintf.h; sourceTree = "<group>"; };
		E3A7B6751BA757EF0039A381 /* trainingsample.h */ = {isa = PBXFileReference; fileEncoding = 4; lastKnownFileType = sourcecode.c.h; path = trainingsample.h; sourceTree = "<group>"; };
		E3A7B6761BA757EF0039A381 /* trainingsampleset.h */ = {isa = PBXFileReference; fileEncoding = 4; lastKnownFileType = sourcecode.c.h; path = trainingsampleset.h; sourceTree = "<group>"; };
		E3A7B6771BA757EF0039A381 /* trie.h */ = {isa = PBXFileReference; fileEncoding = 4; lastKnownFileType = sourcecode.c.h; path = trie.h; sourceTree = "<group>"; };
		E3A7B6781BA757EF0039A381 /* tuning_params.h */ = {isa = PBXFileReference; fileEncoding = 4; lastKnownFileType = sourcecode.c.h; path = tuning_params.h; sourceTree = "<group>"; };
		E3A7B6791BA757EF0039A381 /* underlin.h */ = {isa = PBXFileReference; fileEncoding = 4; lastKnownFileType = sourcecode.c.h; path = underlin.h; sourceTree = "<group>"; };
		E3A7B67A1BA757EF0039A381 /* unichar.h */ = {isa = PBXFileReference; fileEncoding = 4; lastKnownFileType = sourcecode.c.h; path = unichar.h; sourceTree = "<group>"; };
		E3A7B67B1BA757EF0039A381 /* unicharmap.h */ = {isa = PBXFileReference; fileEncoding = 4; lastKnownFileType = sourcecode.c.h; path = unicharmap.h; sourceTree = "<group>"; };
		E3A7B67C1BA757EF0039A381 /* unicharset.h */ = {isa = PBXFileReference; fileEncoding = 4; lastKnownFileType = sourcecode.c.h; path = unicharset.h; sourceTree = "<group>"; };
		E3A7B67D1BA757EF0039A381 /* unicity_table.h */ = {isa = PBXFileReference; fileEncoding = 4; lastKnownFileType = sourcecode.c.h; path = unicity_table.h; sourceTree = "<group>"; };
		E3A7B67E1BA757EF0039A381 /* unicodes.h */ = {isa = PBXFileReference; fileEncoding = 4; lastKnownFileType = sourcecode.c.h; path = unicodes.h; sourceTree = "<group>"; };
		E3A7B67F1BA757EF0039A381 /* universalambigs.h */ = {isa = PBXFileReference; fileEncoding = 4; lastKnownFileType = sourcecode.c.h; path = universalambigs.h; sourceTree = "<group>"; };
		E3A7B6801BA757EF0039A381 /* util.h */ = {isa = PBXFileReference; fileEncoding = 4; lastKnownFileType = sourcecode.c.h; path = util.h; sourceTree = "<group>"; };
		E3A7B6811BA757EF0039A381 /* vecfuncs.h */ = {isa = PBXFileReference; fileEncoding = 4; lastKnownFileType = sourcecode.c.h; path = vecfuncs.h; sourceTree = "<group>"; };
		E3A7B6821BA757EF0039A381 /* version.h */ = {isa = PBXFileReference; fileEncoding = 4; lastKnownFileType = sourcecode.c.h; path = version.h; sourceTree = "<group>"; };
		E3A7B6831BA757EF0039A381 /* werd.h */ = {isa = PBXFileReference; fileEncoding = 4; lastKnownFileType = sourcecode.c.h; path = werd.h; sourceTree = "<group>"; };
		E3A7B6841BA757EF0039A381 /* werdit.h */ = {isa = PBXFileReference; fileEncoding = 4; lastKnownFileType = sourcecode.c.h; path = werdit.h; sourceTree = "<group>"; };
		E3A7B6851BA757EF0039A381 /* word_altlist.h */ = {isa = PBXFileReference; fileEncoding = 4; lastKnownFileType = sourcecode.c.h; path = word_altlist.h; sourceTree = "<group>"; };
		E3A7B6861BA757EF0039A381 /* word_list_lang_model.h */ = {isa = PBXFileReference; fileEncoding = 4; lastKnownFileType = sourcecode.c.h; path = word_list_lang_model.h; sourceTree = "<group>"; };
		E3A7B6871BA757EF0039A381 /* word_size_model.h */ = {isa = PBXFileReference; fileEncoding = 4; lastKnownFileType = sourcecode.c.h; path = word_size_model.h; sourceTree = "<group>"; };
		E3A7B6881BA757EF0039A381 /* word_unigrams.h */ = {isa = PBXFileReference; fileEncoding = 4; lastKnownFileType = sourcecode.c.h; path = word_unigrams.h; sourceTree = "<group>"; };
		E3A7B6891BA757EF0039A381 /* wordrec.h */ = {isa = PBXFileReference; fileEncoding = 4; lastKnownFileType = sourcecode.c.h; path = wordrec.h; sourceTree = "<group>"; };
		E3A7B68A1BA757EF0039A381 /* wordseg.h */ = {isa = PBXFileReference; fileEncoding = 4; lastKnownFileType = sourcecode.c.h; path = wordseg.h; sourceTree = "<group>"; };
		E3A7B68B1BA757EF0039A381 /* workingpartset.h */ = {isa = PBXFileReference; fileEncoding = 4; lastKnownFileType = sourcecode.c.h; path = workingpartset.h; sourceTree = "<group>"; };
		E3A7B68C1BA757EF0039A381 /* xform2d.h */ = {isa = PBXFileReference; fileEncoding = 4; lastKnownFileType = sourcecode.c.h; path = xform2d.h; sourceTree = "<group>"; };
		E3A7B68E1BA757EF0039A381 /* liblept.a */ = {isa = PBXFileReference; lastKnownFileType = archive.ar; path = liblept.a; sourceTree = "<group>"; };
		E3A7B68F1BA757EF0039A381 /* libtesseract_all.a */ = {isa = PBXFileReference; lastKnownFileType = archive.ar; path = libtesseract_all.a; sourceTree = "<group>"; };
		E3A7B6901BA757EF0039A381 /* parametersConstantsGenerator.py */ = {isa = PBXFileReference; fileEncoding = 4; lastKnownFileType = text.script.python; path = parametersConstantsGenerator.py; sourceTree = "<group>"; };
		E3A7B6931BA757EF0039A381 /* TesseractOCR-Info.plist */ = {isa = PBXFileReference; fileEncoding = 4; lastKnownFileType = text.plist.xml; path = "TesseractOCR-Info.plist"; sourceTree = "<group>"; };
		E3A7B6941BA757EF0039A381 /* TesseractOCR-Prefix.pch */ = {isa = PBXFileReference; fileEncoding = 4; lastKnownFileType = sourcecode.c.h; path = "TesseractOCR-Prefix.pch"; sourceTree = "<group>"; };
		E3A7B6951BA757EF0039A381 /* TesseractOCR.h */ = {isa = PBXFileReference; fileEncoding = 4; lastKnownFileType = sourcecode.c.h; path = TesseractOCR.h; sourceTree = "<group>"; };
		E3A7B6961BA757EF0039A381 /* UIImage+G8Filters.h */ = {isa = PBXFileReference; fileEncoding = 4; lastKnownFileType = sourcecode.c.h; path = "UIImage+G8Filters.h"; sourceTree = "<group>"; };
		E3A7B6971BA757EF0039A381 /* UIImage+G8Filters.m */ = {isa = PBXFileReference; fileEncoding = 4; lastKnownFileType = sourcecode.c.objc; path = "UIImage+G8Filters.m"; sourceTree = "<group>"; };
		E3F872341ABBC2D700CB2029 /* UsingTesseract.app */ = {isa = PBXFileReference; explicitFileType = wrapper.application; includeInIndex = 0; path = UsingTesseract.app; sourceTree = BUILT_PRODUCTS_DIR; };
		E3F872381ABBC2D700CB2029 /* Info.plist */ = {isa = PBXFileReference; lastKnownFileType = text.plist.xml; path = Info.plist; sourceTree = "<group>"; };
		E3F872391ABBC2D700CB2029 /* main.m */ = {isa = PBXFileReference; lastKnownFileType = sourcecode.c.objc; path = main.m; sourceTree = "<group>"; };
		E3F8723B1ABBC2D700CB2029 /* AppDelegate.h */ = {isa = PBXFileReference; lastKnownFileType = sourcecode.c.h; path = AppDelegate.h; sourceTree = "<group>"; };
		E3F8723C1ABBC2D700CB2029 /* AppDelegate.m */ = {isa = PBXFileReference; lastKnownFileType = sourcecode.c.objc; path = AppDelegate.m; sourceTree = "<group>"; };
		E3F8723E1ABBC2D700CB2029 /* ViewController.h */ = {isa = PBXFileReference; lastKnownFileType = sourcecode.c.h; path = ViewController.h; sourceTree = "<group>"; };
		E3F8723F1ABBC2D700CB2029 /* ViewController.m */ = {isa = PBXFileReference; lastKnownFileType = sourcecode.c.objc; path = ViewController.m; sourceTree = "<group>"; };
		E3F872421ABBC2D700CB2029 /* Base */ = {isa = PBXFileReference; lastKnownFileType = file.storyboard; name = Base; path = Base.lproj/Main.storyboard; sourceTree = "<group>"; };
		E3F872441ABBC2D700CB2029 /* Images.xcassets */ = {isa = PBXFileReference; lastKnownFileType = folder.assetcatalog; path = Images.xcassets; sourceTree = "<group>"; };
		E3F872471ABBC2D700CB2029 /* Base */ = {isa = PBXFileReference; lastKnownFileType = file.xib; name = Base; path = Base.lproj/LaunchScreen.xib; sourceTree = "<group>"; };
		E3F8724D1ABBC2D800CB2029 /* UsingTesseractTests.xctest */ = {isa = PBXFileReference; explicitFileType = wrapper.cfbundle; includeInIndex = 0; path = UsingTesseractTests.xctest; sourceTree = BUILT_PRODUCTS_DIR; };
		E3F872521ABBC2D800CB2029 /* Info.plist */ = {isa = PBXFileReference; lastKnownFileType = text.plist.xml; path = Info.plist; sourceTree = "<group>"; };
		E3F872531ABBC2D800CB2029 /* UsingTesseractTests.m */ = {isa = PBXFileReference; lastKnownFileType = sourcecode.c.objc; path = UsingTesseractTests.m; sourceTree = "<group>"; };
		E3F873D31ABBC32200CB2029 /* tessdata */ = {isa = PBXFileReference; lastKnownFileType = folder; path = tessdata; sourceTree = "<group>"; };
/* End PBXFileReference section */

/* Begin PBXFrameworksBuildPhase section */
		E3F872311ABBC2D700CB2029 /* Frameworks */ = {
			isa = PBXFrameworksBuildPhase;
			buildActionMask = 2147483647;
			files = (
				E3A7B69F1BA757EF0039A381 /* libtesseract_all.a in Frameworks */,
				E3A7B69E1BA757EF0039A381 /* liblept.a in Frameworks */,
			);
			runOnlyForDeploymentPostprocessing = 0;
		};
		E3F8724A1ABBC2D800CB2029 /* Frameworks */ = {
			isa = PBXFrameworksBuildPhase;
			buildActionMask = 2147483647;
			files = (
			);
			runOnlyForDeploymentPostprocessing = 0;
		};
/* End PBXFrameworksBuildPhase section */

/* Begin PBXGroup section */
		E3A7B5331BA757EE0039A381 /* TesseractOCR */ = {
			isa = PBXGroup;
			children = (
				E3A7B5341BA757EE0039A381 /* build_dependencies.sh */,
				E3A7B5351BA757EE0039A381 /* InfoPlist.strings */,
				E3A7B5371BA757EE0039A381 /* G8Constants.h */,
				E3A7B5381BA757EE0039A381 /* G8RecognitionOperation.h */,
				E3A7B5391BA757EE0039A381 /* G8RecognitionOperation.m */,
				E3A7B53A1BA757EE0039A381 /* G8RecognizedBlock.h */,
				E3A7B53B1BA757EE0039A381 /* G8RecognizedBlock.m */,
				E3A7B53C1BA757EE0039A381 /* G8Tesseract.h */,
				E3A7B53D1BA757EE0039A381 /* G8Tesseract.mm */,
				E3A7B53E1BA757EE0039A381 /* G8TesseractDelegate.h */,
				E3A7B53F1BA757EE0039A381 /* G8TesseractParameters.h */,
				E3A7B5401BA757EE0039A381 /* G8TesseractParameters.m */,
				E3A7B5411BA757EE0039A381 /* include */,
				E3A7B68D1BA757EF0039A381 /* lib */,
				E3A7B6901BA757EF0039A381 /* parametersConstantsGenerator.py */,
				E3A7B6931BA757EF0039A381 /* TesseractOCR-Info.plist */,
				E3A7B6941BA757EF0039A381 /* TesseractOCR-Prefix.pch */,
				E3A7B6951BA757EF0039A381 /* TesseractOCR.h */,
				E3A7B6961BA757EF0039A381 /* UIImage+G8Filters.h */,
				E3A7B6971BA757EF0039A381 /* UIImage+G8Filters.m */,
			);
			path = TesseractOCR;
			sourceTree = "<group>";
		};
		E3A7B5411BA757EE0039A381 /* include */ = {
			isa = PBXGroup;
			children = (
				E3A7B5421BA757EE0039A381 /* leptonica */,
				E3A7B5611BA757EE0039A381 /* tesseract */,
			);
			path = include;
			sourceTree = "<group>";
		};
		E3A7B5421BA757EE0039A381 /* leptonica */ = {
			isa = PBXGroup;
			children = (
				E3A7B5431BA757EE0039A381 /* allheaders.h */,
				E3A7B5441BA757EE0039A381 /* alltypes.h */,
				E3A7B5451BA757EE0039A381 /* array.h */,
				E3A7B5461BA757EE0039A381 /* arrayaccess.h */,
				E3A7B5471BA757EE0039A381 /* bbuffer.h */,
				E3A7B5481BA757EE0039A381 /* bilateral.h */,
				E3A7B5491BA757EE0039A381 /* bmf.h */,
				E3A7B54A1BA757EE0039A381 /* bmp.h */,
				E3A7B54B1BA757EE0039A381 /* ccbord.h */,
				E3A7B54C1BA757EE0039A381 /* config_auto.h */,
				E3A7B54D1BA757EE0039A381 /* dewarp.h */,
				E3A7B54E1BA757EE0039A381 /* endianness.h */,
				E3A7B54F1BA757EE0039A381 /* environ.h */,
				E3A7B5501BA757EE0039A381 /* freetype.h */,
				E3A7B5511BA757EE0039A381 /* gplot.h */,
				E3A7B5521BA757EE0039A381 /* heap.h */,
				E3A7B5531BA757EE0039A381 /* imageio.h */,
				E3A7B5541BA757EE0039A381 /* jbclass.h */,
				E3A7B5551BA757EE0039A381 /* leptwin.h */,
				E3A7B5561BA757EE0039A381 /* list.h */,
				E3A7B5571BA757EE0039A381 /* morph.h */,
				E3A7B5581BA757EE0039A381 /* pix.h */,
				E3A7B5591BA757EE0039A381 /* ptra.h */,
				E3A7B55A1BA757EE0039A381 /* queue.h */,
				E3A7B55B1BA757EE0039A381 /* readbarcode.h */,
				E3A7B55C1BA757EE0039A381 /* recog.h */,
				E3A7B55D1BA757EE0039A381 /* regutils.h */,
				E3A7B55E1BA757EE0039A381 /* stack.h */,
				E3A7B55F1BA757EE0039A381 /* sudoku.h */,
				E3A7B5601BA757EE0039A381 /* watershed.h */,
			);
			path = leptonica;
			sourceTree = "<group>";
		};
		E3A7B5611BA757EE0039A381 /* tesseract */ = {
			isa = PBXGroup;
			children = (
				E3A7B5621BA757EE0039A381 /* adaptive.h */,
				E3A7B5631BA757EE0039A381 /* alignedblob.h */,
				E3A7B5641BA757EE0039A381 /* altlist.h */,
				E3A7B5651BA757EE0039A381 /* ambigs.h */,
				E3A7B5661BA757EE0039A381 /* apitypes.h */,
				E3A7B5671BA757EE0039A381 /* associate.h */,
				E3A7B5681BA757EE0039A381 /* baseapi.h */,
				E3A7B5691BA757EE0039A381 /* basedir.h */,
				E3A7B56A1BA757EE0039A381 /* baselinedetect.h */,
				E3A7B56B1BA757EE0039A381 /* bbgrid.h */,
				E3A7B56C1BA757EE0039A381 /* beam_search.h */,
				E3A7B56D1BA757EE0039A381 /* bits16.h */,
				E3A7B56E1BA757EE0039A381 /* bitvec.h */,
				E3A7B56F1BA757EE0039A381 /* bitvector.h */,
				E3A7B5701BA757EE0039A381 /* blamer.h */,
				E3A7B5711BA757EE0039A381 /* blckerr.h */,
				E3A7B5721BA757EE0039A381 /* blkocc.h */,
				E3A7B5731BA757EE0039A381 /* blobbox.h */,
				E3A7B5741BA757EE0039A381 /* blobclass.h */,
				E3A7B5751BA757EE0039A381 /* blobgrid.h */,
				E3A7B5761BA757EE0039A381 /* blobs.h */,
				E3A7B5771BA757EE0039A381 /* blread.h */,
				E3A7B5781BA757EE0039A381 /* bmp_8.h */,
				E3A7B5791BA757EE0039A381 /* boxchar.h */,
				E3A7B57A1BA757EE0039A381 /* boxread.h */,
				E3A7B57B1BA757EE0039A381 /* boxword.h */,
				E3A7B57C1BA757EE0039A381 /* cached_file.h */,
				E3A7B57D1BA757EE0039A381 /* callcpp.h */,
				E3A7B57E1BA757EE0039A381 /* capi.h */,
				E3A7B57F1BA757EE0039A381 /* ccnontextdetect.h */,
				E3A7B5801BA757EE0039A381 /* ccstruct.h */,
				E3A7B5811BA757EE0039A381 /* ccutil.h */,
				E3A7B5821BA757EE0039A381 /* char_altlist.h */,
				E3A7B5831BA757EE0039A381 /* char_bigrams.h */,
				E3A7B5841BA757EE0039A381 /* char_samp.h */,
				E3A7B5851BA757EE0039A381 /* char_samp_enum.h */,
				E3A7B5861BA757EE0039A381 /* char_samp_set.h */,
				E3A7B5871BA757EE0039A381 /* char_set.h */,
				E3A7B5881BA757EE0039A381 /* chop.h */,
				E3A7B5891BA757EE0039A381 /* chopper.h */,
				E3A7B58A1BA757EE0039A381 /* cjkpitch.h */,
				E3A7B58B1BA757EE0039A381 /* classifier_base.h */,
				E3A7B58C1BA757EE0039A381 /* classifier_factory.h */,
				E3A7B58D1BA757EE0039A381 /* classify.h */,
				E3A7B58E1BA757EE0039A381 /* clst.h */,
				E3A7B58F1BA757EE0039A381 /* cluster.h */,
				E3A7B5901BA757EE0039A381 /* clusttool.h */,
				E3A7B5911BA757EE0039A381 /* colfind.h */,
				E3A7B5921BA757EE0039A381 /* colpartition.h */,
				E3A7B5931BA757EE0039A381 /* colpartitiongrid.h */,
				E3A7B5941BA757EE0039A381 /* colpartitionset.h */,
				E3A7B5951BA757EE0039A381 /* commandlineflags.h */,
				E3A7B5961BA757EE0039A381 /* commontraining.h */,
				E3A7B5971BA757EE0039A381 /* con_comp.h */,
				E3A7B5981BA757EE0039A381 /* config_auto.h */,
				E3A7B5991BA757EE0039A381 /* const.h */,
				E3A7B59A1BA757EE0039A381 /* control.h */,
				E3A7B59B1BA757EE0039A381 /* conv_net_classifier.h */,
				E3A7B59C1BA757EE0039A381 /* coutln.h */,
				E3A7B59D1BA757EE0039A381 /* crakedge.h */,
				E3A7B59E1BA757EE0039A381 /* cube_const.h */,
				E3A7B59F1BA757EE0039A381 /* cube_line_object.h */,
				E3A7B5A01BA757EE0039A381 /* cube_line_segmenter.h */,
				E3A7B5A11BA757EE0039A381 /* cube_object.h */,
				E3A7B5A21BA757EE0039A381 /* cube_reco_context.h */,
				E3A7B5A31BA757EE0039A381 /* cube_search_object.h */,
				E3A7B5A41BA757EE0039A381 /* cube_tuning_params.h */,
				E3A7B5A51BA757EE0039A381 /* cube_utils.h */,
				E3A7B5A61BA757EE0039A381 /* cubeclassifier.h */,
				E3A7B5A71BA757EE0039A381 /* cutil.h */,
				E3A7B5A81BA757EE0039A381 /* cutil_class.h */,
				E3A7B5A91BA757EE0039A381 /* cutoffs.h */,
				E3A7B5AA1BA757EE0039A381 /* danerror.h */,
				E3A7B5AB1BA757EE0039A381 /* dawg.h */,
				E3A7B5AC1BA757EE0039A381 /* dawg_cache.h */,
				E3A7B5AD1BA757EE0039A381 /* degradeimage.h */,
				E3A7B5AE1BA757EE0039A381 /* detlinefit.h */,
				E3A7B5AF1BA757EE0039A381 /* devanagari_processing.h */,
				E3A7B5B01BA757EE0039A381 /* dict.h */,
				E3A7B5B11BA757EE0039A381 /* docqual.h */,
				E3A7B5B21BA757EE0039A381 /* doubleptr.h */,
				E3A7B5B31BA757EE0039A381 /* dppoint.h */,
				E3A7B5B41BA757EE0039A381 /* drawedg.h */,
				E3A7B5B51BA757EE0039A381 /* drawfx.h */,
				E3A7B5B61BA757EE0039A381 /* drawtord.h */,
				E3A7B5B71BA757EE0039A381 /* edgblob.h */,
				E3A7B5B81BA757EE0039A381 /* edgloop.h */,
				E3A7B5B91BA757EE0039A381 /* efio.h */,
				E3A7B5BA1BA757EE0039A381 /* elst.h */,
				E3A7B5BB1BA757EE0039A381 /* elst2.h */,
				E3A7B5BC1BA757EE0039A381 /* emalloc.h */,
				E3A7B5BD1BA757EE0039A381 /* equationdetect.h */,
				E3A7B5BE1BA757EE0039A381 /* equationdetectbase.h */,
				E3A7B5BF1BA757EE0039A381 /* errcode.h */,
				E3A7B5C01BA757EE0039A381 /* errorcounter.h */,
				E3A7B5C11BA757EE0039A381 /* extern.h */,
				E3A7B5C21BA757EE0039A381 /* extract.h */,
				E3A7B5C31BA757EE0039A381 /* featdefs.h */,
				E3A7B5C41BA757EE0039A381 /* feature_base.h */,
				E3A7B5C51BA757EE0039A381 /* feature_bmp.h */,
				E3A7B5C61BA757EE0039A381 /* feature_chebyshev.h */,
				E3A7B5C71BA757EE0039A381 /* feature_hybrid.h */,
				E3A7B5C81BA757EE0039A381 /* fileerr.h */,
				E3A7B5C91BA757EE0039A381 /* fileio.h */,
				E3A7B5CA1BA757EE0039A381 /* findseam.h */,
				E3A7B5CB1BA757EE0039A381 /* fixspace.h */,
				E3A7B5CC1BA757EE0039A381 /* flexfx.h */,
				E3A7B5CD1BA757EE0039A381 /* float2int.h */,
				E3A7B5CE1BA757EE0039A381 /* fontinfo.h */,
				E3A7B5CF1BA757EE0039A381 /* fpchop.h */,
				E3A7B5D01BA757EE0039A381 /* fpoint.h */,
				E3A7B5D11BA757EE0039A381 /* freelist.h */,
				E3A7B5D21BA757EE0039A381 /* fxdefs.h */,
				E3A7B5D31BA757EE0039A381 /* gap_map.h */,
				E3A7B5D41BA757EE0039A381 /* genblob.h */,
				E3A7B5D51BA757EE0039A381 /* genericheap.h */,
				E3A7B5D61BA757EE0039A381 /* genericvector.h */,
				E3A7B5D71BA757EE0039A381 /* gettimeofday.h */,
				E3A7B5D81BA757EE0039A381 /* globaloc.h */,
				E3A7B5D91BA757EE0039A381 /* globals.h */,
				E3A7B5DA1BA757EE0039A381 /* gradechop.h */,
				E3A7B5DB1BA757EE0039A381 /* hashfn.h */,
				E3A7B5DC1BA757EE0039A381 /* helpers.h */,
				E3A7B5DD1BA757EE0039A381 /* host.h */,
				E3A7B5DE1BA757EE0039A381 /* hpdsizes.h */,
				E3A7B5DF1BA757EE0039A381 /* hybrid_neural_net_classifier.h */,
				E3A7B5E01BA757EE0039A381 /* icuerrorcode.h */,
				E3A7B5E11BA757EE0039A381 /* imagefind.h */,
				E3A7B5E21BA757EE0039A381 /* indexmapbidi.h */,
				E3A7B5E31BA757EE0039A381 /* input_file_buffer.h */,
				E3A7B5E41BA757EE0039A381 /* intfeaturedist.h */,
				E3A7B5E51BA757EE0039A381 /* intfeaturemap.h */,
				E3A7B5E61BA757EE0039A381 /* intfeaturespace.h */,
				E3A7B5E71BA757EE0039A381 /* intfx.h */,
				E3A7B5E81BA757EE0039A381 /* intmatcher.h */,
				E3A7B5E91BA757EE0039A381 /* intproto.h */,
				E3A7B5EA1BA757EE0039A381 /* ipoints.h */,
				E3A7B5EB1BA757EE0039A381 /* kdpair.h */,
				E3A7B5EC1BA757EE0039A381 /* kdtree.h */,
				E3A7B5ED1BA757EE0039A381 /* lang_mod_edge.h */,
				E3A7B5EE1BA757EE0039A381 /* lang_model.h */,
				E3A7B5EF1BA757EE0039A381 /* language_model.h */,
				E3A7B5F01BA757EE0039A381 /* ligature_table.h */,
				E3A7B5F11BA757EE0039A381 /* linefind.h */,
				E3A7B5F21BA757EE0039A381 /* linlsq.h */,
				E3A7B5F31BA757EE0039A381 /* listio.h */,
				E3A7B5F41BA757EE0039A381 /* lm_consistency.h */,
				E3A7B5F51BA757EE0039A381 /* lm_pain_points.h */,
				E3A7B5F61BA757EE0039A381 /* lm_state.h */,
				E3A7B5F71BA757EE0039A381 /* lsterr.h */,
				E3A7B5F81BA757EE0039A381 /* ltrresultiterator.h */,
				E3A7B5F91BA757EE0039A381 /* makechop.h */,
				E3A7B5FA1BA757EE0039A381 /* makerow.h */,
				E3A7B5FB1BA757EE0039A381 /* mastertrainer.h */,
				E3A7B5FC1BA757EE0039A381 /* matchdefs.h */,
				E3A7B5FD1BA757EE0039A381 /* mathfix.h */,
				E3A7B5FE1BA757EE0039A381 /* matrix.h */,
				E3A7B5FF1BA757EE0039A381 /* measure.h */,
				E3A7B6001BA757EE0039A381 /* memry.h */,
				E3A7B6011BA757EE0039A381 /* mergenf.h */,
				E3A7B6021BA757EE0039A381 /* mf.h */,
				E3A7B6031BA757EE0039A381 /* mfdefs.h */,
				E3A7B6041BA757EE0039A381 /* mfoutline.h */,
				E3A7B6051BA757EE0039A381 /* mfx.h */,
				E3A7B6061BA757EE0039A381 /* mod128.h */,
				E3A7B6071BA757EE0039A381 /* mutableiterator.h */,
				E3A7B6081BA757EE0039A381 /* ndminx.h */,
				E3A7B6091BA757EE0039A381 /* neural_net.h */,
				E3A7B60A1BA757EE0039A381 /* neuron.h */,
				E3A7B60B1BA757EE0039A381 /* normalis.h */,
				E3A7B60C1BA757EE0039A381 /* normfeat.h */,
				E3A7B60D1BA757EE0039A381 /* normmatch.h */,
				E3A7B60E1BA757EE0039A381 /* normstrngs.h */,
				E3A7B60F1BA757EE0039A381 /* nwmain.h */,
				E3A7B6101BA757EE0039A381 /* object_cache.h */,
				E3A7B6111BA757EE0039A381 /* oclkernels.h */,
				E3A7B6121BA757EE0039A381 /* ocrblock.h */,
				E3A7B6131BA757EE0039A381 /* ocrclass.h */,
				E3A7B6141BA757EE0039A381 /* ocrfeatures.h */,
				E3A7B6151BA757EE0039A381 /* ocrpara.h */,
				E3A7B6161BA757EE0039A381 /* ocrrow.h */,
				E3A7B6171BA757EE0039A381 /* oldbasel.h */,
				E3A7B6181BA757EE0039A381 /* oldlist.h */,
				E3A7B6191BA757EE0039A381 /* olutil.h */,
				E3A7B61A1BA757EE0039A381 /* opencl_device_selection.h */,
				E3A7B61B1BA757EE0039A381 /* openclwrapper.h */,
				E3A7B61C1BA757EE0039A381 /* osdetect.h */,
				E3A7B61D1BA757EE0039A381 /* otsuthr.h */,
				E3A7B61E1BA757EE0039A381 /* outfeat.h */,
				E3A7B61F1BA757EE0039A381 /* outlines.h */,
				E3A7B6201BA757EE0039A381 /* output.h */,
				E3A7B6211BA757EE0039A381 /* pageiterator.h */,
				E3A7B6221BA757EE0039A381 /* pageres.h */,
				E3A7B6231BA757EE0039A381 /* pango_font_info.h */,
				E3A7B6241BA757EE0039A381 /* paragraphs.h */,
				E3A7B6251BA757EE0039A381 /* paragraphs_internal.h */,
				E3A7B6261BA757EE0039A381 /* params.h */,
				E3A7B6271BA757EE0039A381 /* params_model.h */,
				E3A7B6281BA757EE0039A381 /* params_training_featdef.h */,
				E3A7B6291BA757EE0039A381 /* paramsd.h */,
				E3A7B62A1BA757EF0039A381 /* pdblock.h */,
				E3A7B62B1BA757EF0039A381 /* pgedit.h */,
				E3A7B62C1BA757EF0039A381 /* picofeat.h */,
				E3A7B62D1BA757EF0039A381 /* pithsync.h */,
				E3A7B62E1BA757EF0039A381 /* pitsync1.h */,
				E3A7B62F1BA757EF0039A381 /* platform.h */,
				E3A7B6301BA757EF0039A381 /* plotedges.h */,
				E3A7B6311BA757EF0039A381 /* points.h */,
				E3A7B6321BA757EF0039A381 /* polyaprx.h */,
				E3A7B6331BA757EF0039A381 /* polyblk.h */,
				E3A7B6341BA757EF0039A381 /* protos.h */,
				E3A7B6351BA757EF0039A381 /* publictypes.h */,
				E3A7B6361BA757EF0039A381 /* qrsequence.h */,
				E3A7B6371BA757EF0039A381 /* quadlsq.h */,
				E3A7B6381BA757EF0039A381 /* quadratc.h */,
				E3A7B6391BA757EF0039A381 /* quspline.h */,
				E3A7B63A1BA757EF0039A381 /* ratngs.h */,
				E3A7B63B1BA757EF0039A381 /* rect.h */,
				E3A7B63C1BA757EF0039A381 /* rejctmap.h */,
				E3A7B63D1BA757EF0039A381 /* reject.h */,
				E3A7B63E1BA757EF0039A381 /* render.h */,
				E3A7B63F1BA757EF0039A381 /* renderer.h */,
				E3A7B6401BA757EF0039A381 /* resource.h */,
				E3A7B6411BA757EF0039A381 /* resultiterator.h */,
				E3A7B6421BA757EF0039A381 /* sampleiterator.h */,
				E3A7B6431BA757EF0039A381 /* scanedg.h */,
				E3A7B6441BA757EF0039A381 /* scanutils.h */,
				E3A7B6451BA757EF0039A381 /* scrollview.h */,
				E3A7B6461BA757EF0039A381 /* seam.h */,
				E3A7B6471BA757EF0039A381 /* search_column.h */,
				E3A7B6481BA757EF0039A381 /* search_node.h */,
				E3A7B6491BA757EF0039A381 /* search_object.h */,
				E3A7B64A1BA757EF0039A381 /* secname.h */,
				E3A7B64B1BA757EF0039A381 /* serialis.h */,
				E3A7B64C1BA757EF0039A381 /* shapeclassifier.h */,
				E3A7B64D1BA757EF0039A381 /* shapetable.h */,
				E3A7B64E1BA757EF0039A381 /* sortflts.h */,
				E3A7B64F1BA757EF0039A381 /* sorthelper.h */,
				E3A7B6501BA757EF0039A381 /* split.h */,
				E3A7B6511BA757EF0039A381 /* statistc.h */,
				E3A7B6521BA757EF0039A381 /* stderr.h */,
				E3A7B6531BA757EF0039A381 /* stepblob.h */,
				E3A7B6541BA757EF0039A381 /* stopper.h */,
				E3A7B6551BA757EF0039A381 /* strcasestr.h */,
				E3A7B6561BA757EF0039A381 /* string_32.h */,
				E3A7B6571BA757EF0039A381 /* stringrenderer.h */,
				E3A7B6581BA757EF0039A381 /* strngs.h */,
				E3A7B6591BA757EF0039A381 /* strokewidth.h */,
				E3A7B65A1BA757EF0039A381 /* strtok_r.h */,
				E3A7B65B1BA757EF0039A381 /* structures.h */,
				E3A7B65C1BA757EF0039A381 /* svmnode.h */,
				E3A7B65D1BA757EF0039A381 /* svutil.h */,
				E3A7B65E1BA757EF0039A381 /* tabfind.h */,
				E3A7B65F1BA757EF0039A381 /* tablefind.h */,
				E3A7B6601BA757EF0039A381 /* tablerecog.h */,
				E3A7B6611BA757EF0039A381 /* tabvector.h */,
				E3A7B6621BA757EF0039A381 /* tess_lang_mod_edge.h */,
				E3A7B6631BA757EF0039A381 /* tess_lang_model.h */,
				E3A7B6641BA757EF0039A381 /* tessbox.h */,
				E3A7B6651BA757EF0039A381 /* tesscallback.h */,
				E3A7B6661BA757EF0039A381 /* tessclassifier.h */,
				E3A7B6671BA757EF0039A381 /* tessdatamanager.h */,
				E3A7B6681BA757EF0039A381 /* tessedit.h */,
				E3A7B6691BA757EF0039A381 /* tesseract_cube_combiner.h */,
				E3A7B66A1BA757EF0039A381 /* tesseractclass.h */,
				E3A7B66B1BA757EF0039A381 /* tessopt.h */,
				E3A7B66C1BA757EF0039A381 /* tessvars.h */,
				E3A7B66D1BA757EF0039A381 /* textlineprojection.h */,
				E3A7B66E1BA757EF0039A381 /* textord.h */,
				E3A7B66F1BA757EF0039A381 /* thresholder.h */,
				E3A7B6701BA757EF0039A381 /* tlog.h */,
				E3A7B6711BA757EF0039A381 /* topitch.h */,
				E3A7B6721BA757EF0039A381 /* tordmain.h */,
				E3A7B6731BA757EF0039A381 /* tovars.h */,
				E3A7B6741BA757EF0039A381 /* tprintf.h */,
				E3A7B6751BA757EF0039A381 /* trainingsample.h */,
				E3A7B6761BA757EF0039A381 /* trainingsampleset.h */,
				E3A7B6771BA757EF0039A381 /* trie.h */,
				E3A7B6781BA757EF0039A381 /* tuning_params.h */,
				E3A7B6791BA757EF0039A381 /* underlin.h */,
				E3A7B67A1BA757EF0039A381 /* unichar.h */,
				E3A7B67B1BA757EF0039A381 /* unicharmap.h */,
				E3A7B67C1BA757EF0039A381 /* unicharset.h */,
				E3A7B67D1BA757EF0039A381 /* unicity_table.h */,
				E3A7B67E1BA757EF0039A381 /* unicodes.h */,
				E3A7B67F1BA757EF0039A381 /* universalambigs.h */,
				E3A7B6801BA757EF0039A381 /* util.h */,
				E3A7B6811BA757EF0039A381 /* vecfuncs.h */,
				E3A7B6821BA757EF0039A381 /* version.h */,
				E3A7B6831BA757EF0039A381 /* werd.h */,
				E3A7B6841BA757EF0039A381 /* werdit.h */,
				E3A7B6851BA757EF0039A381 /* word_altlist.h */,
				E3A7B6861BA757EF0039A381 /* word_list_lang_model.h */,
				E3A7B6871BA757EF0039A381 /* word_size_model.h */,
				E3A7B6881BA757EF0039A381 /* word_unigrams.h */,
				E3A7B6891BA757EF0039A381 /* wordrec.h */,
				E3A7B68A1BA757EF0039A381 /* wordseg.h */,
				E3A7B68B1BA757EF0039A381 /* workingpartset.h */,
				E3A7B68C1BA757EF0039A381 /* xform2d.h */,
			);
			path = tesseract;
			sourceTree = "<group>";
		};
		E3A7B68D1BA757EF0039A381 /* lib */ = {
			isa = PBXGroup;
			children = (
				E3A7B68E1BA757EF0039A381 /* liblept.a */,
				E3A7B68F1BA757EF0039A381 /* libtesseract_all.a */,
			);
			path = lib;
			sourceTree = "<group>";
		};
		E3F8722B1ABBC2D700CB2029 = {
			isa = PBXGroup;
			children = (
				E3F872361ABBC2D700CB2029 /* UsingTesseract */,
				E3F872501ABBC2D800CB2029 /* UsingTesseractTests */,
				E3F872351ABBC2D700CB2029 /* Products */,
			);
			sourceTree = "<group>";
		};
		E3F872351ABBC2D700CB2029 /* Products */ = {
			isa = PBXGroup;
			children = (
				E3F872341ABBC2D700CB2029 /* UsingTesseract.app */,
				E3F8724D1ABBC2D800CB2029 /* UsingTesseractTests.xctest */,
			);
			name = Products;
			sourceTree = "<group>";
		};
		E3F872361ABBC2D700CB2029 /* UsingTesseract */ = {
			isa = PBXGroup;
			children = (
				E3F873D31ABBC32200CB2029 /* tessdata */,
				E3F8723B1ABBC2D700CB2029 /* AppDelegate.h */,
				E3A7B5331BA757EE0039A381 /* TesseractOCR */,
				E3F8723C1ABBC2D700CB2029 /* AppDelegate.m */,
				E3F8723E1ABBC2D700CB2029 /* ViewController.h */,
				E3F8723F1ABBC2D700CB2029 /* ViewController.m */,
				E3F872411ABBC2D700CB2029 /* Main.storyboard */,
				E3F872441ABBC2D700CB2029 /* Images.xcassets */,
				E3F872461ABBC2D700CB2029 /* LaunchScreen.xib */,
				E3F872371ABBC2D700CB2029 /* Supporting Files */,
			);
			path = UsingTesseract;
			sourceTree = "<group>";
		};
		E3F872371ABBC2D700CB2029 /* Supporting Files */ = {
			isa = PBXGroup;
			children = (
				E3F872381ABBC2D700CB2029 /* Info.plist */,
				E3F872391ABBC2D700CB2029 /* main.m */,
			);
			name = "Supporting Files";
			sourceTree = "<group>";
		};
		E3F872501ABBC2D800CB2029 /* UsingTesseractTests */ = {
			isa = PBXGroup;
			children = (
				E3F872531ABBC2D800CB2029 /* UsingTesseractTests.m */,
				E3F872511ABBC2D800CB2029 /* Supporting Files */,
			);
			path = UsingTesseractTests;
			sourceTree = "<group>";
		};
		E3F872511ABBC2D800CB2029 /* Supporting Files */ = {
			isa = PBXGroup;
			children = (
				E3F872521ABBC2D800CB2029 /* Info.plist */,
			);
			name = "Supporting Files";
			sourceTree = "<group>";
		};
/* End PBXGroup section */

/* Begin PBXNativeTarget section */
		E3F872331ABBC2D700CB2029 /* UsingTesseract */ = {
			isa = PBXNativeTarget;
			buildConfigurationList = E3F872571ABBC2D800CB2029 /* Build configuration list for PBXNativeTarget "UsingTesseract" */;
			buildPhases = (
				E3F872301ABBC2D700CB2029 /* Sources */,
				E3F872311ABBC2D700CB2029 /* Frameworks */,
				E3F872321ABBC2D700CB2029 /* Resources */,
			);
			buildRules = (
			);
			dependencies = (
			);
			name = UsingTesseract;
			productName = UsingTesseract;
			productReference = E3F872341ABBC2D700CB2029 /* UsingTesseract.app */;
			productType = "com.apple.product-type.application";
		};
		E3F8724C1ABBC2D800CB2029 /* UsingTesseractTests */ = {
			isa = PBXNativeTarget;
			buildConfigurationList = E3F8725A1ABBC2D800CB2029 /* Build configuration list for PBXNativeTarget "UsingTesseractTests" */;
			buildPhases = (
				E3F872491ABBC2D800CB2029 /* Sources */,
				E3F8724A1ABBC2D800CB2029 /* Frameworks */,
				E3F8724B1ABBC2D800CB2029 /* Resources */,
			);
			buildRules = (
			);
			dependencies = (
				E3F8724F1ABBC2D800CB2029 /* PBXTargetDependency */,
			);
			name = UsingTesseractTests;
			productName = UsingTesseractTests;
			productReference = E3F8724D1ABBC2D800CB2029 /* UsingTesseractTests.xctest */;
			productType = "com.apple.product-type.bundle.unit-test";
		};
/* End PBXNativeTarget section */

/* Begin PBXProject section */
		E3F8722C1ABBC2D700CB2029 /* Project object */ = {
			isa = PBXProject;
			attributes = {
				LastUpgradeCheck = 0620;
				ORGANIZATIONNAME = "Achintya Gopal\\";
				TargetAttributes = {
					E3F872331ABBC2D700CB2029 = {
						CreatedOnToolsVersion = 6.2;
					};
					E3F8724C1ABBC2D800CB2029 = {
						CreatedOnToolsVersion = 6.2;
						TestTargetID = E3F872331ABBC2D700CB2029;
					};
				};
			};
			buildConfigurationList = E3F8722F1ABBC2D700CB2029 /* Build configuration list for PBXProject "UsingTesseract" */;
			compatibilityVersion = "Xcode 3.2";
			developmentRegion = English;
			hasScannedForEncodings = 0;
			knownRegions = (
				en,
				Base,
			);
			mainGroup = E3F8722B1ABBC2D700CB2029;
			productRefGroup = E3F872351ABBC2D700CB2029 /* Products */;
			projectDirPath = "";
			projectRoot = "";
			targets = (
				E3F872331ABBC2D700CB2029 /* UsingTesseract */,
				E3F8724C1ABBC2D800CB2029 /* UsingTesseractTests */,
			);
		};
/* End PBXProject section */

/* Begin PBXResourcesBuildPhase section */
		E3F872321ABBC2D700CB2029 /* Resources */ = {
			isa = PBXResourcesBuildPhase;
			buildActionMask = 2147483647;
			files = (
				E3F872431ABBC2D700CB2029 /* Main.storyboard in Resources */,
				E3A7B6991BA757EF0039A381 /* InfoPlist.strings in Resources */,
				E3A7B6981BA757EF0039A381 /* build_dependencies.sh in Resources */,
				E3F872481ABBC2D700CB2029 /* LaunchScreen.xib in Resources */,
				E3A7B6A31BA757EF0039A381 /* TesseractOCR-Info.plist in Resources */,
				E3F872451ABBC2D700CB2029 /* Images.xcassets in Resources */,
				E3F873D41ABBC32200CB2029 /* tessdata in Resources */,
				E3A7B6A01BA757EF0039A381 /* parametersConstantsGenerator.py in Resources */,
			);
			runOnlyForDeploymentPostprocessing = 0;
		};
		E3F8724B1ABBC2D800CB2029 /* Resources */ = {
			isa = PBXResourcesBuildPhase;
			buildActionMask = 2147483647;
			files = (
			);
			runOnlyForDeploymentPostprocessing = 0;
		};
/* End PBXResourcesBuildPhase section */

/* Begin PBXSourcesBuildPhase section */
		E3F872301ABBC2D700CB2029 /* Sources */ = {
			isa = PBXSourcesBuildPhase;
			buildActionMask = 2147483647;
			files = (
				E3F872401ABBC2D700CB2029 /* ViewController.m in Sources */,
				E3A7B69D1BA757EF0039A381 /* G8TesseractParameters.m in Sources */,
				E3A7B6A41BA757EF0039A381 /* UIImage+G8Filters.m in Sources */,
				E3F8723D1ABBC2D700CB2029 /* AppDelegate.m in Sources */,
				E3A7B69B1BA757EF0039A381 /* G8RecognizedBlock.m in Sources */,
				E3A7B69C1BA757EF0039A381 /* G8Tesseract.mm in Sources */,
				E3F8723A1ABBC2D700CB2029 /* main.m in Sources */,
				E3A7B69A1BA757EF0039A381 /* G8RecognitionOperation.m in Sources */,
			);
			runOnlyForDeploymentPostprocessing = 0;
		};
		E3F872491ABBC2D800CB2029 /* Sources */ = {
			isa = PBXSourcesBuildPhase;
			buildActionMask = 2147483647;
			files = (
				E3F872541ABBC2D800CB2029 /* UsingTesseractTests.m in Sources */,
			);
			runOnlyForDeploymentPostprocessing = 0;
		};
/* End PBXSourcesBuildPhase section */

/* Begin PBXTargetDependency section */
		E3F8724F1ABBC2D800CB2029 /* PBXTargetDependency */ = {
			isa = PBXTargetDependency;
			target = E3F872331ABBC2D700CB2029 /* UsingTesseract */;
			targetProxy = E3F8724E1ABBC2D800CB2029 /* PBXContainerItemProxy */;
		};
/* End PBXTargetDependency section */

/* Begin PBXVariantGroup section */
		E3A7B5351BA757EE0039A381 /* InfoPlist.strings */ = {
			isa = PBXVariantGroup;
			children = (
				E3A7B5361BA757EE0039A381 /* en */,
			);
			name = InfoPlist.strings;
			sourceTree = "<group>";
		};
		E3F872411ABBC2D700CB2029 /* Main.storyboard */ = {
			isa = PBXVariantGroup;
			children = (
				E3F872421ABBC2D700CB2029 /* Base */,
			);
			name = Main.storyboard;
			sourceTree = "<group>";
		};
		E3F872461ABBC2D700CB2029 /* LaunchScreen.xib */ = {
			isa = PBXVariantGroup;
			children = (
				E3F872471ABBC2D700CB2029 /* Base */,
			);
			name = LaunchScreen.xib;
			sourceTree = "<group>";
		};
/* End PBXVariantGroup section */

/* Begin XCBuildConfiguration section */
		E3F872551ABBC2D800CB2029 /* Debug */ = {
			isa = XCBuildConfiguration;
			buildSettings = {
				ALWAYS_SEARCH_USER_PATHS = NO;
				CLANG_CXX_LANGUAGE_STANDARD = "gnu++0x";
				CLANG_CXX_LIBRARY = "libc++";
				CLANG_ENABLE_MODULES = YES;
				CLANG_ENABLE_OBJC_ARC = YES;
				CLANG_WARN_BOOL_CONVERSION = YES;
				CLANG_WARN_CONSTANT_CONVERSION = YES;
				CLANG_WARN_DIRECT_OBJC_ISA_USAGE = YES_ERROR;
				CLANG_WARN_EMPTY_BODY = YES;
				CLANG_WARN_ENUM_CONVERSION = YES;
				CLANG_WARN_INT_CONVERSION = YES;
				CLANG_WARN_OBJC_ROOT_CLASS = YES_ERROR;
				CLANG_WARN_UNREACHABLE_CODE = YES;
				CLANG_WARN__DUPLICATE_METHOD_MATCH = YES;
				"CODE_SIGN_IDENTITY[sdk=iphoneos*]" = "iPhone Developer";
				COPY_PHASE_STRIP = NO;
				ENABLE_STRICT_OBJC_MSGSEND = YES;
				GCC_C_LANGUAGE_STANDARD = gnu99;
				GCC_DYNAMIC_NO_PIC = NO;
				GCC_OPTIMIZATION_LEVEL = 0;
				GCC_PREPROCESSOR_DEFINITIONS = (
					"DEBUG=1",
					"$(inherited)",
				);
				GCC_SYMBOLS_PRIVATE_EXTERN = NO;
				GCC_WARN_64_TO_32_BIT_CONVERSION = YES;
				GCC_WARN_ABOUT_RETURN_TYPE = YES_ERROR;
				GCC_WARN_UNDECLARED_SELECTOR = YES;
				GCC_WARN_UNINITIALIZED_AUTOS = YES_AGGRESSIVE;
				GCC_WARN_UNUSED_FUNCTION = YES;
				GCC_WARN_UNUSED_VARIABLE = YES;
				IPHONEOS_DEPLOYMENT_TARGET = 8.2;
				MTL_ENABLE_DEBUG_INFO = YES;
				ONLY_ACTIVE_ARCH = YES;
				SDKROOT = iphoneos;
			};
			name = Debug;
		};
		E3F872561ABBC2D800CB2029 /* Release */ = {
			isa = XCBuildConfiguration;
			buildSettings = {
				ALWAYS_SEARCH_USER_PATHS = NO;
				CLANG_CXX_LANGUAGE_STANDARD = "gnu++0x";
				CLANG_CXX_LIBRARY = "libc++";
				CLANG_ENABLE_MODULES = YES;
				CLANG_ENABLE_OBJC_ARC = YES;
				CLANG_WARN_BOOL_CONVERSION = YES;
				CLANG_WARN_CONSTANT_CONVERSION = YES;
				CLANG_WARN_DIRECT_OBJC_ISA_USAGE = YES_ERROR;
				CLANG_WARN_EMPTY_BODY = YES;
				CLANG_WARN_ENUM_CONVERSION = YES;
				CLANG_WARN_INT_CONVERSION = YES;
				CLANG_WARN_OBJC_ROOT_CLASS = YES_ERROR;
				CLANG_WARN_UNREACHABLE_CODE = YES;
				CLANG_WARN__DUPLICATE_METHOD_MATCH = YES;
				"CODE_SIGN_IDENTITY[sdk=iphoneos*]" = "iPhone Developer";
				COPY_PHASE_STRIP = NO;
				ENABLE_NS_ASSERTIONS = NO;
				ENABLE_STRICT_OBJC_MSGSEND = YES;
				GCC_C_LANGUAGE_STANDARD = gnu99;
				GCC_WARN_64_TO_32_BIT_CONVERSION = YES;
				GCC_WARN_ABOUT_RETURN_TYPE = YES_ERROR;
				GCC_WARN_UNDECLARED_SELECTOR = YES;
				GCC_WARN_UNINITIALIZED_AUTOS = YES_AGGRESSIVE;
				GCC_WARN_UNUSED_FUNCTION = YES;
				GCC_WARN_UNUSED_VARIABLE = YES;
				IPHONEOS_DEPLOYMENT_TARGET = 8.2;
				MTL_ENABLE_DEBUG_INFO = NO;
				SDKROOT = iphoneos;
				VALIDATE_PRODUCT = YES;
			};
			name = Release;
		};
		E3F872581ABBC2D800CB2029 /* Debug */ = {
			isa = XCBuildConfiguration;
			buildSettings = {
				ASSETCATALOG_COMPILER_APPICON_NAME = AppIcon;
				CLANG_CXX_LIBRARY = "compiler-default";
				FRAMEWORK_SEARCH_PATHS = (
					"$(inherited)",
					/Users/achintyagopal/Desktop/iPhonePrograms,
				);
				INFOPLIST_FILE = UsingTesseract/Info.plist;
				LD_RUNPATH_SEARCH_PATHS = "$(inherited) @executable_path/Frameworks";
				LIBRARY_SEARCH_PATHS = (
					"$(inherited)",
					"$(PROJECT_DIR)/UsingTesseract/TesseractOCR/lib",
				);
				PRODUCT_NAME = "$(TARGET_NAME)";
			};
			name = Debug;
		};
		E3F872591ABBC2D800CB2029 /* Release */ = {
			isa = XCBuildConfiguration;
			buildSettings = {
				ASSETCATALOG_COMPILER_APPICON_NAME = AppIcon;
				CLANG_CXX_LIBRARY = "compiler-default";
				FRAMEWORK_SEARCH_PATHS = (
					"$(inherited)",
					/Users/achintyagopal/Desktop/iPhonePrograms,
				);
				INFOPLIST_FILE = UsingTesseract/Info.plist;
				LD_RUNPATH_SEARCH_PATHS = "$(inherited) @executable_path/Frameworks";
				LIBRARY_SEARCH_PATHS = (
					"$(inherited)",
					"$(PROJECT_DIR)/UsingTesseract/TesseractOCR/lib",
				);
				PRODUCT_NAME = "$(TARGET_NAME)";
			};
			name = Release;
		};
		E3F8725B1ABBC2D800CB2029 /* Debug */ = {
			isa = XCBuildConfiguration;
			buildSettings = {
				BUNDLE_LOADER = "$(TEST_HOST)";
				FRAMEWORK_SEARCH_PATHS = (
					"$(SDKROOT)/Developer/Library/Frameworks",
					"$(inherited)",
				);
				GCC_PREPROCESSOR_DEFINITIONS = (
					"DEBUG=1",
					"$(inherited)",
				);
				INFOPLIST_FILE = UsingTesseractTests/Info.plist;
				LD_RUNPATH_SEARCH_PATHS = "$(inherited) @executable_path/Frameworks @loader_path/Frameworks";
				PRODUCT_NAME = "$(TARGET_NAME)";
				TEST_HOST = "$(BUILT_PRODUCTS_DIR)/UsingTesseract.app/UsingTesseract";
			};
			name = Debug;
		};
		E3F8725C1ABBC2D800CB2029 /* Release */ = {
			isa = XCBuildConfiguration;
			buildSettings = {
				BUNDLE_LOADER = "$(TEST_HOST)";
				FRAMEWORK_SEARCH_PATHS = (
					"$(SDKROOT)/Developer/Library/Frameworks",
					"$(inherited)",
				);
				INFOPLIST_FILE = UsingTesseractTests/Info.plist;
				LD_RUNPATH_SEARCH_PATHS = "$(inherited) @executable_path/Frameworks @loader_path/Frameworks";
				PRODUCT_NAME = "$(TARGET_NAME)";
				TEST_HOST = "$(BUILT_PRODUCTS_DIR)/UsingTesseract.app/UsingTesseract";
			};
			name = Release;
		};
/* End XCBuildConfiguration section */

/* Begin XCConfigurationList section */
		E3F8722F1ABBC2D700CB2029 /* Build configuration list for PBXProject "UsingTesseract" */ = {
			isa = XCConfigurationList;
			buildConfigurations = (
				E3F872551ABBC2D800CB2029 /* Debug */,
				E3F872561ABBC2D800CB2029 /* Release */,
			);
			defaultConfigurationIsVisible = 0;
			defaultConfigurationName = Release;
		};
		E3F872571ABBC2D800CB2029 /* Build configuration list for PBXNativeTarget "UsingTesseract" */ = {
			isa = XCConfigurationList;
			buildConfigurations = (
				E3F872581ABBC2D800CB2029 /* Debug */,
				E3F872591ABBC2D800CB2029 /* Release */,
			);
			defaultConfigurationIsVisible = 0;
			defaultConfigurationName = Release;
		};
		E3F8725A1ABBC2D800CB2029 /* Build configuration list for PBXNativeTarget "UsingTesseractTests" */ = {
			isa = XCConfigurationList;
			buildConfigurations = (
				E3F8725B1ABBC2D800CB2029 /* Debug */,
				E3F8725C1ABBC2D800CB2029 /* Release */,
			);
			defaultConfigurationIsVisible = 0;
			defaultConfigurationName = Release;
		};
/* End XCConfigurationList section */
	};
	rootObject = E3F8722C1ABBC2D700CB2029 /* Project object */;
}
